{"format_version":"1.2","terraform_version":"1.13.3","variables":{"allowed_ssh_cidrs":{"value":["27.74.242.173/32"]},"ami_type":{"value":"ubuntu_22_04_lts"},"availability_zones":{"value":["ap-southeast-1a"]},"aws_region":{"value":"ap-southeast-1"},"capacity_type":{"value":"SPOT"},"control_plane_instance_type":{"value":"t3.micro"},"control_plane_volume_size":{"value":8},"enable_nat_gateway":{"value":false},"kubernetes_version":{"value":"1.28"},"node_desired_size":{"value":1},"node_disk_size":{"value":8},"node_instance_types":{"value":["t3.small"]},"node_max_size":{"value":2},"node_min_size":{"value":1},"owner":{"value":"dev-team"},"private_subnet_cidrs":{"value":["10.0.10.0/24"]},"project_name":{"value":"demo"},"public_subnet_cidrs":{"value":["10.0.1.0/24"]},"vpc_cidr":{"value":"10.0.0.0/16"}},"planned_values":{"outputs":{"control_plane_instance_id":{"sensitive":false},"control_plane_private_ip":{"sensitive":false},"control_plane_public_dns":{"sensitive":false},"control_plane_public_ip":{"sensitive":false},"eks_cluster_arn":{"sensitive":false},"eks_cluster_certificate_authority_data":{"sensitive":false},"eks_cluster_endpoint":{"sensitive":false},"eks_cluster_id":{"sensitive":false},"eks_cluster_name":{"sensitive":false,"type":"string","value":"dev-eks-cluster"},"eks_cluster_version":{"sensitive":false,"type":"string","value":"1.28"},"eks_control_plane_instance_profile_name":{"sensitive":false,"type":"string","value":"dev-eks-control-plane-profile"},"eks_control_plane_role_arn":{"sensitive":false},"internet_gateway_id":{"sensitive":false},"key_pair_name":{"sensitive":false,"type":"string","value":"dev-eks-control-plane-key"},"private_subnet_ids":{"sensitive":false},"public_subnet_ids":{"sensitive":false},"ssh_connection_command":{"sensitive":false},"vpc_cidr_block":{"sensitive":false,"type":"string","value":"10.0.0.0/16"},"vpc_id":{"sensitive":false}},"root_module":{"child_modules":[{"resources":[{"address":"module.ec2_control_plane.aws_instance.eks_control_plane","mode":"managed","type":"aws_instance","name":"eks_control_plane","provider_name":"registry.terraform.io/hashicorp/aws","schema_version":2,"values":{"ami":"ami-0827b3068f1548bf6","credit_specification":[],"force_destroy":false,"get_password_data":false,"hibernation":null,"iam_instance_profile":"dev-eks-control-plane-profile","instance_type":"t3.micro","key_name":"dev-eks-control-plane-key","launch_template":[],"region":"ap-southeast-1","root_block_device":[{"delete_on_termination":true,"encrypted":true,"tags":null,"volume_size":8,"volume_type":"gp3"}],"source_dest_check":true,"tags":{"Environment":"dev","ManagedBy":"Terraform","Name":"dev-eks-control-plane","Owner":"dev-team","Project":"demo","Type":"EKS-Control-Plane"},"tags_all":{"Environment":"dev","ManagedBy":"Terraform","Name":"dev-eks-control-plane","Owner":"dev-team","Project":"demo","Type":"EKS-Control-Plane"},"timeouts":null,"user_data":null,"user_data_base64":"IyEvYmluL2Jhc2gKCiMgRUtTIENvbnRyb2wgUGxhbmUgU2V0dXAgU2NyaXB0CiMgVGhpcyBzY3JpcHQgaW5zdGFsbHMgYW5kIGNvbmZpZ3VyZXMga3ViZWN0bCwgYXdzLWNsaSwgYW5kIG90aGVyIHRvb2xzIG5lZWRlZCBmb3IgRUtTIG1hbmFnZW1lbnQKCnNldCAtZQoKIyBVcGRhdGUgc3lzdGVtCmFwdC1nZXQgdXBkYXRlCmFwdC1nZXQgdXBncmFkZSAteQoKIyBJbnN0YWxsIEFXUyBDTEkgdjIKY3VybCAiaHR0cHM6Ly9hd3NjbGkuYW1hem9uYXdzLmNvbS9hd3NjbGktZXhlLWxpbnV4LXg4Nl82NC56aXAiIC1vICJhd3NjbGl2Mi56aXAiCnVuemlwIGF3c2NsaXYyLnppcAouL2F3cy9pbnN0YWxsCnJtIC1yZiBhd3MgYXdzY2xpdjIuemlwCgojIEluc3RhbGwga3ViZWN0bApjdXJsIC1MTyAiaHR0cHM6Ly9kbC5rOHMuaW8vcmVsZWFzZS8kKGN1cmwgLUwgLXMgaHR0cHM6Ly9kbC5rOHMuaW8vcmVsZWFzZS9zdGFibGUudHh0KS9iaW4vbGludXgvYW1kNjQva3ViZWN0bCIKY2htb2QgK3gga3ViZWN0bAptdiBrdWJlY3RsIC91c3IvbG9jYWwvYmluLwoKIyBJbnN0YWxsIGVrc2N0bApjdXJsIC0tc2lsZW50IC0tbG9jYXRpb24gImh0dHBzOi8vZ2l0aHViLmNvbS93ZWF2ZXdvcmtzL2Vrc2N0bC9yZWxlYXNlcy9sYXRlc3QvZG93bmxvYWQvZWtzY3RsXyQodW5hbWUgLXMpX2FtZDY0LnRhci5neiIgfCB0YXIgeHogLUMgL3RtcAptdiAvdG1wL2Vrc2N0bCAvdXNyL2xvY2FsL2JpbgoKIyBJbnN0YWxsIGhlbG0KY3VybCBodHRwczovL3Jhdy5naXRodWJ1c2VyY29udGVudC5jb20vaGVsbS9oZWxtL21haW4vc2NyaXB0cy9nZXQtaGVsbS0zIHwgYmFzaAoKIyBJbnN0YWxsIGFkZGl0aW9uYWwgdXNlZnVsIHRvb2xzCmFwdC1nZXQgaW5zdGFsbCAteSBcCiAgICBqcSBcCiAgICBnaXQgXAogICAgY3VybCBcCiAgICB3Z2V0IFwKICAgIHVuemlwIFwKICAgIGh0b3AgXAogICAgdmltIFwKICAgIG5hbm8gXAogICAgdHJlZQoKIyBDcmVhdGUgYSBub24tcm9vdCB1c2VyIGZvciBFS1MgbWFuYWdlbWVudAp1c2VyYWRkIC1tIC1zIC9iaW4vYmFzaCBla3MtYWRtaW4KdXNlcm1vZCAtYUcgc3VkbyBla3MtYWRtaW4KCiMgQ3JlYXRlIC5rdWJlIGRpcmVjdG9yeSBmb3IgZWtzLWFkbWluIHVzZXIKbWtkaXIgLXAgL2hvbWUvZWtzLWFkbWluLy5rdWJlCmNob3duIGVrcy1hZG1pbjpla3MtYWRtaW4gL2hvbWUvZWtzLWFkbWluLy5rdWJlCgojIENyZWF0ZSBhIHNjcmlwdCB0byB1cGRhdGUga3ViZWNvbmZpZwpjYXQgPiAvaG9tZS9la3MtYWRtaW4vdXBkYXRlLWt1YmVjb25maWcuc2ggPDwgJ0VPRicKIyEvYmluL2Jhc2gKYXdzIGVrcyB1cGRhdGUta3ViZWNvbmZpZyAtLXJlZ2lvbiBhcC1zb3V0aGVhc3QtMSAtLW5hbWUgZGV2LWVrcy1jbHVzdGVyCkVPRgoKY2htb2QgK3ggL2hvbWUvZWtzLWFkbWluL3VwZGF0ZS1rdWJlY29uZmlnLnNoCmNob3duIGVrcy1hZG1pbjpla3MtYWRtaW4gL2hvbWUvZWtzLWFkbWluL3VwZGF0ZS1rdWJlY29uZmlnLnNoCgojIENyZWF0ZSBhIGhlbHBmdWwgUkVBRE1FCmNhdCA+IC9ob21lL2Vrcy1hZG1pbi9SRUFETUUubWQgPDwgJ0VPRicKIyBFS1MgQ29udHJvbCBQbGFuZSBNYW5hZ2VtZW50CgpUaGlzIEVDMiBpbnN0YW5jZSBpcyBjb25maWd1cmVkIHRvIG1hbmFnZSB0aGUgRUtTIGNsdXN0ZXIuCgojIyBRdWljayBTdGFydAoKMS4gVXBkYXRlIGt1YmVjb25maWc6CiAgIGBgYGJhc2gKICAgLi91cGRhdGUta3ViZWNvbmZpZy5zaAogICBgYGAKCjIuIFZlcmlmeSBjbHVzdGVyIGFjY2VzczoKICAgYGBgYmFzaAogICBrdWJlY3RsIGdldCBub2RlcwogICBrdWJlY3RsIGdldCBwb2RzIC0tYWxsLW5hbWVzcGFjZXMKICAgYGBgCgozLiBVc2VmdWwgY29tbWFuZHM6CiAgIGBgYGJhc2gKICAgIyBHZXQgY2x1c3RlciBpbmZvCiAgIGt1YmVjdGwgY2x1c3Rlci1pbmZvCiAgIAogICAjIExpc3QgYWxsIHJlc291cmNlcwogICBrdWJlY3RsIGdldCBhbGwgLS1hbGwtbmFtZXNwYWNlcwogICAKICAgIyBBY2Nlc3MgY2x1c3RlciB2aWEgcHJveHkKICAga3ViZWN0bCBwcm94eSAtLXBvcnQ9ODAwMAogICBgYGAKCiMjIEluc3RhbGxlZCBUb29scwoKLSBrdWJlY3RsOiBLdWJlcm5ldGVzIGNvbW1hbmQtbGluZSB0b29sCi0gZWtzY3RsOiBFS1MgY29tbWFuZC1saW5lIHRvb2wKLSBoZWxtOiBLdWJlcm5ldGVzIHBhY2thZ2UgbWFuYWdlcgotIGF3cy1jbGk6IEFXUyBjb21tYW5kLWxpbmUgaW50ZXJmYWNlCgojIyBOb3RlcwoKLSBUaGUgY2x1c3RlciBpcyBjb25maWd1cmVkIHdpdGggbWluaW1hbCByZXNvdXJjZXMgZm9yIGRldmVsb3BtZW50Ci0gTm9kZSBncm91cCB1c2VzIHQzLm1lZGl1bSBpbnN0YW5jZXMKLSBPbmx5IDEtMiBub2RlcyBhcmUgcnVubmluZyBieSBkZWZhdWx0CkVPRgoKY2hvd24gZWtzLWFkbWluOmVrcy1hZG1pbiAvaG9tZS9la3MtYWRtaW4vUkVBRE1FLm1kCgojIFNldCB1cCBiYXNoIGNvbXBsZXRpb24gZm9yIGt1YmVjdGwKZWNobyAnc291cmNlIDwoa3ViZWN0bCBjb21wbGV0aW9uIGJhc2gpJyA+PiAvaG9tZS9la3MtYWRtaW4vLmJhc2hyYwplY2hvICdhbGlhcyBrPWt1YmVjdGwnID4+IC9ob21lL2Vrcy1hZG1pbi8uYmFzaHJjCmVjaG8gJ2NvbXBsZXRlIC1GIF9fc3RhcnRfa3ViZWN0bCBrJyA+PiAvaG9tZS9la3MtYWRtaW4vLmJhc2hyYwoKIyBDcmVhdGUgYSBzeXN0ZW1kIHNlcnZpY2UgdG8gYXV0b21hdGljYWxseSB1cGRhdGUga3ViZWNvbmZpZyBvbiBib290CmNhdCA+IC9ldGMvc3lzdGVtZC9zeXN0ZW0vZWtzLWt1YmVjb25maWcuc2VydmljZSA8PCBFT0YKW1VuaXRdCkRlc2NyaXB0aW9uPVVwZGF0ZSBFS1Mga3ViZWNvbmZpZwpBZnRlcj1uZXR3b3JrLnRhcmdldAoKW1NlcnZpY2VdClR5cGU9b25lc2hvdApVc2VyPWVrcy1hZG1pbgpFeGVjU3RhcnQ9L2hvbWUvZWtzLWFkbWluL3VwZGF0ZS1rdWJlY29uZmlnLnNoClJlbWFpbkFmdGVyRXhpdD15ZXMKCltJbnN0YWxsXQpXYW50ZWRCeT1tdWx0aS11c2VyLnRhcmdldApFT0YKCnN5c3RlbWN0bCBlbmFibGUgZWtzLWt1YmVjb25maWcuc2VydmljZQoKIyBMb2cgY29tcGxldGlvbgplY2hvICJFS1MgQ29udHJvbCBQbGFuZSBzZXR1cCBjb21wbGV0ZWQgYXQgJChkYXRlKSIgPj4gL3Zhci9sb2cvZWtzLXNldHVwLmxvZwo=","user_data_replace_on_change":false,"volume_tags":null},"sensitive_values":{"capacity_reservation_specification":[],"cpu_options":[],"credit_specification":[],"ebs_block_device":[],"enclave_options":[],"ephemeral_block_device":[],"instance_market_options":[],"ipv6_addresses":[],"launch_template":[],"maintenance_options":[],"metadata_options":[],"network_interface":[],"primary_network_interface":[],"private_dns_name_options":[],"root_block_device":[{"tags_all":{}}],"secondary_private_ips":[],"security_groups":[],"tags":{},"tags_all":{},"vpc_security_group_ids":[]},"identity_schema_version":0,"identity":{"account_id":null,"id":null,"region":null}},{"address":"module.ec2_control_plane.aws_security_group.eks_control_plane","mode":"managed","type":"aws_security_group","name":"eks_control_plane","provider_name":"registry.terraform.io/hashicorp/aws","schema_version":1,"values":{"description":"Security group for EKS control plane EC2 instance","egress":[{"cidr_blocks":["0.0.0.0/0"],"description":"All outbound traffic","from_port":0,"ipv6_cidr_blocks":[],"prefix_list_ids":[],"protocol":"-1","security_groups":[],"self":false,"to_port":0}],"ingress":[{"cidr_blocks":["27.74.242.173/32"],"description":"Kubectl proxy","from_port":8000,"ipv6_cidr_blocks":[],"prefix_list_ids":[],"protocol":"tcp","security_groups":[],"self":false,"to_port":8000},{"cidr_blocks":["27.74.242.173/32"],"description":"SSH access","from_port":22,"ipv6_cidr_blocks":[],"prefix_list_ids":[],"protocol":"tcp","security_groups":[],"self":false,"to_port":22},{"cidr_blocks":["27.74.242.173/32"],"description":"Web access","from_port":8080,"ipv6_cidr_blocks":[],"prefix_list_ids":[],"protocol":"tcp","security_groups":[],"self":false,"to_port":8080}],"name_prefix":"dev-eks-control-plane-","region":"ap-southeast-1","revoke_rules_on_delete":false,"tags":{"Environment":"dev","ManagedBy":"Terraform","Name":"dev-eks-control-plane-sg","Owner":"dev-team","Project":"demo"},"tags_all":{"Environment":"dev","ManagedBy":"Terraform","Name":"dev-eks-control-plane-sg","Owner":"dev-team","Project":"demo"},"timeouts":null},"sensitive_values":{"egress":[{"cidr_blocks":[false],"ipv6_cidr_blocks":[],"prefix_list_ids":[],"security_groups":[]}],"ingress":[{"cidr_blocks":[false],"ipv6_cidr_blocks":[],"prefix_list_ids":[],"security_groups":[]},{"cidr_blocks":[false],"ipv6_cidr_blocks":[],"prefix_list_ids":[],"security_groups":[]},{"cidr_blocks":[false],"ipv6_cidr_blocks":[],"prefix_list_ids":[],"security_groups":[]}],"tags":{},"tags_all":{}},"identity_schema_version":0,"identity":{"account_id":null,"id":null,"region":null}}],"address":"module.ec2_control_plane"},{"resources":[{"address":"module.eks.aws_cloudwatch_log_group.eks_cluster","mode":"managed","type":"aws_cloudwatch_log_group","name":"eks_cluster","provider_name":"registry.terraform.io/hashicorp/aws","schema_version":0,"values":{"kms_key_id":null,"name":"/aws/eks/dev-eks-cluster/cluster","region":"ap-southeast-1","retention_in_days":7,"skip_destroy":false,"tags":{"Environment":"dev","ManagedBy":"Terraform","Name":"dev-eks-cluster-logs","Owner":"dev-team","Project":"demo"},"tags_all":{"Environment":"dev","ManagedBy":"Terraform","Name":"dev-eks-cluster-logs","Owner":"dev-team","Project":"demo"}},"sensitive_values":{"tags":{},"tags_all":{}},"identity_schema_version":0,"identity":{"account_id":null,"name":null,"region":null}},{"address":"module.eks.aws_eks_cluster.main","mode":"managed","type":"aws_eks_cluster","name":"main","provider_name":"registry.terraform.io/hashicorp/aws","schema_version":1,"values":{"bootstrap_self_managed_addons":true,"enabled_cluster_log_types":null,"encryption_config":[],"force_update_version":null,"name":"dev-eks-cluster","outpost_config":[],"region":"ap-southeast-1","remote_network_config":[],"tags":{"Environment":"dev","ManagedBy":"Terraform","Name":"dev-eks-cluster","Owner":"dev-team","Project":"demo"},"tags_all":{"Environment":"dev","ManagedBy":"Terraform","Name":"dev-eks-cluster","Owner":"dev-team","Project":"demo"},"timeouts":null,"version":"1.28","vpc_config":[{"endpoint_private_access":true,"endpoint_public_access":true,"public_access_cidrs":["27.74.242.173/32"]}],"zonal_shift_config":[]},"sensitive_values":{"access_config":[],"certificate_authority":[],"compute_config":[],"encryption_config":[],"identity":[],"kubernetes_network_config":[],"outpost_config":[],"remote_network_config":[],"storage_config":[],"tags":{},"tags_all":{},"upgrade_policy":[],"vpc_config":[{"public_access_cidrs":[false],"security_group_ids":[],"subnet_ids":[]}],"zonal_shift_config":[]}},{"address":"module.eks.aws_eks_node_group.main","mode":"managed","type":"aws_eks_node_group","name":"main","provider_name":"registry.terraform.io/hashicorp/aws","schema_version":0,"values":{"capacity_type":"SPOT","cluster_name":"dev-eks-cluster","disk_size":8,"force_update_version":null,"instance_types":["t3.small"],"labels":null,"launch_template":[],"node_group_name":"dev-eks-nodes","region":"ap-southeast-1","remote_access":[],"scaling_config":[{"desired_size":1,"max_size":2,"min_size":1}],"tags":{"Environment":"dev","ManagedBy":"Terraform","Name":"dev-eks-nodes","Owner":"dev-team","Project":"demo"},"tags_all":{"Environment":"dev","ManagedBy":"Terraform","Name":"dev-eks-nodes","Owner":"dev-team","Project":"demo"},"taint":[],"timeouts":null,"update_config":[{"max_unavailable":null,"max_unavailable_percentage":25}]},"sensitive_values":{"instance_types":[false],"launch_template":[],"node_repair_config":[],"remote_access":[],"resources":[],"scaling_config":[{}],"subnet_ids":[],"tags":{},"tags_all":{},"taint":[],"update_config":[{}]}},{"address":"module.eks.aws_iam_role.eks_cluster_role","mode":"managed","type":"aws_iam_role","name":"eks_cluster_role","provider_name":"registry.terraform.io/hashicorp/aws","schema_version":0,"values":{"assume_role_policy":"{\"Statement\":[{\"Action\":\"sts:AssumeRole\",\"Effect\":\"Allow\",\"Principal\":{\"Service\":\"eks.amazonaws.com\"}}],\"Version\":\"2012-10-17\"}","description":null,"force_detach_policies":false,"max_session_duration":3600,"name":"dev-eks-cluster-role","path":"/","permissions_boundary":null,"tags":{"Environment":"dev","ManagedBy":"Terraform","Name":"dev-eks-cluster-role","Owner":"dev-team","Project":"demo"},"tags_all":{"Environment":"dev","ManagedBy":"Terraform","Name":"dev-eks-cluster-role","Owner":"dev-team","Project":"demo"}},"sensitive_values":{"inline_policy":[],"managed_policy_arns":[],"tags":{},"tags_all":{}},"identity_schema_version":0,"identity":{"account_id":null,"name":null}},{"address":"module.eks.aws_iam_role.eks_node_group_role","mode":"managed","type":"aws_iam_role","name":"eks_node_group_role","provider_name":"registry.terraform.io/hashicorp/aws","schema_version":0,"values":{"assume_role_policy":"{\"Statement\":[{\"Action\":\"sts:AssumeRole\",\"Effect\":\"Allow\",\"Principal\":{\"Service\":\"ec2.amazonaws.com\"}}],\"Version\":\"2012-10-17\"}","description":null,"force_detach_policies":false,"max_session_duration":3600,"name":"dev-eks-node-group-role","path":"/","permissions_boundary":null,"tags":{"Environment":"dev","ManagedBy":"Terraform","Name":"dev-eks-node-group-role","Owner":"dev-team","Project":"demo"},"tags_all":{"Environment":"dev","ManagedBy":"Terraform","Name":"dev-eks-node-group-role","Owner":"dev-team","Project":"demo"}},"sensitive_values":{"inline_policy":[],"managed_policy_arns":[],"tags":{},"tags_all":{}},"identity_schema_version":0,"identity":{"account_id":null,"name":null}},{"address":"module.eks.aws_iam_role_policy_attachment.eks_cluster_policy","mode":"managed","type":"aws_iam_role_policy_attachment","name":"eks_cluster_policy","provider_name":"registry.terraform.io/hashicorp/aws","schema_version":0,"values":{"policy_arn":"arn:aws:iam::aws:policy/AmazonEKSClusterPolicy","role":"dev-eks-cluster-role"},"sensitive_values":{},"identity_schema_version":0,"identity":{"account_id":null,"policy_arn":null,"role":null}},{"address":"module.eks.aws_iam_role_policy_attachment.eks_cni_policy","mode":"managed","type":"aws_iam_role_policy_attachment","name":"eks_cni_policy","provider_name":"registry.terraform.io/hashicorp/aws","schema_version":0,"values":{"policy_arn":"arn:aws:iam::aws:policy/AmazonEKS_CNI_Policy","role":"dev-eks-node-group-role"},"sensitive_values":{},"identity_schema_version":0,"identity":{"account_id":null,"policy_arn":null,"role":null}},{"address":"module.eks.aws_iam_role_policy_attachment.eks_container_registry_policy","mode":"managed","type":"aws_iam_role_policy_attachment","name":"eks_container_registry_policy","provider_name":"registry.terraform.io/hashicorp/aws","schema_version":0,"values":{"policy_arn":"arn:aws:iam::aws:policy/AmazonEC2ContainerRegistryReadOnly","role":"dev-eks-node-group-role"},"sensitive_values":{},"identity_schema_version":0,"identity":{"account_id":null,"policy_arn":null,"role":null}},{"address":"module.eks.aws_iam_role_policy_attachment.eks_worker_node_policy","mode":"managed","type":"aws_iam_role_policy_attachment","name":"eks_worker_node_policy","provider_name":"registry.terraform.io/hashicorp/aws","schema_version":0,"values":{"policy_arn":"arn:aws:iam::aws:policy/AmazonEKSWorkerNodePolicy","role":"dev-eks-node-group-role"},"sensitive_values":{},"identity_schema_version":0,"identity":{"account_id":null,"policy_arn":null,"role":null}},{"address":"module.eks.aws_security_group.eks_cluster","mode":"managed","type":"aws_security_group","name":"eks_cluster","provider_name":"registry.terraform.io/hashicorp/aws","schema_version":1,"values":{"description":"Managed by Terraform","egress":[{"cidr_blocks":["0.0.0.0/0"],"description":"","from_port":0,"ipv6_cidr_blocks":[],"prefix_list_ids":[],"protocol":"-1","security_groups":[],"self":false,"to_port":0}],"name_prefix":"dev-eks-cluster-","region":"ap-southeast-1","revoke_rules_on_delete":false,"tags":{"Environment":"dev","ManagedBy":"Terraform","Name":"dev-eks-cluster-sg","Owner":"dev-team","Project":"demo"},"tags_all":{"Environment":"dev","ManagedBy":"Terraform","Name":"dev-eks-cluster-sg","Owner":"dev-team","Project":"demo"},"timeouts":null},"sensitive_values":{"egress":[{"cidr_blocks":[false],"ipv6_cidr_blocks":[],"prefix_list_ids":[],"security_groups":[]}],"ingress":[],"tags":{},"tags_all":{}},"identity_schema_version":0,"identity":{"account_id":null,"id":null,"region":null}},{"address":"module.eks.aws_security_group.eks_nodes","mode":"managed","type":"aws_security_group","name":"eks_nodes","provider_name":"registry.terraform.io/hashicorp/aws","schema_version":1,"values":{"description":"Managed by Terraform","egress":[{"cidr_blocks":["0.0.0.0/0"],"description":"","from_port":0,"ipv6_cidr_blocks":[],"prefix_list_ids":[],"protocol":"-1","security_groups":[],"self":false,"to_port":0}],"ingress":[{"cidr_blocks":[],"description":"","from_port":0,"ipv6_cidr_blocks":[],"prefix_list_ids":[],"protocol":"tcp","self":false,"to_port":65535},{"cidr_blocks":[],"description":"","from_port":0,"ipv6_cidr_blocks":[],"prefix_list_ids":[],"protocol":"tcp","security_groups":[],"self":true,"to_port":65535}],"name_prefix":"dev-eks-nodes-","region":"ap-southeast-1","revoke_rules_on_delete":false,"tags":{"Environment":"dev","ManagedBy":"Terraform","Name":"dev-eks-nodes-sg","Owner":"dev-team","Project":"demo"},"tags_all":{"Environment":"dev","ManagedBy":"Terraform","Name":"dev-eks-nodes-sg","Owner":"dev-team","Project":"demo"},"timeouts":null},"sensitive_values":{"egress":[{"cidr_blocks":[false],"ipv6_cidr_blocks":[],"prefix_list_ids":[],"security_groups":[]}],"ingress":[{"cidr_blocks":[],"ipv6_cidr_blocks":[],"prefix_list_ids":[],"security_groups":[]},{"cidr_blocks":[],"ipv6_cidr_blocks":[],"prefix_list_ids":[],"security_groups":[]}],"tags":{},"tags_all":{}},"identity_schema_version":0,"identity":{"account_id":null,"id":null,"region":null}}],"address":"module.eks"},{"resources":[{"address":"module.iam.aws_iam_instance_profile.eks_control_plane_profile","mode":"managed","type":"aws_iam_instance_profile","name":"eks_control_plane_profile","provider_name":"registry.terraform.io/hashicorp/aws","schema_version":0,"values":{"name":"dev-eks-control-plane-profile","path":"/","role":"dev-eks-control-plane-role","tags":{"Environment":"dev","ManagedBy":"Terraform","Name":"dev-eks-control-plane-profile","Owner":"dev-team","Project":"demo"},"tags_all":{"Environment":"dev","ManagedBy":"Terraform","Name":"dev-eks-control-plane-profile","Owner":"dev-team","Project":"demo"}},"sensitive_values":{"tags":{},"tags_all":{}}},{"address":"module.iam.aws_iam_policy.eks_control_plane_policy","mode":"managed","type":"aws_iam_policy","name":"eks_control_plane_policy","provider_name":"registry.terraform.io/hashicorp/aws","schema_version":0,"values":{"description":"Policy for EC2 instance to manage EKS cluster","name":"dev-eks-control-plane-policy","path":"/","policy":"{\"Statement\":[{\"Action\":[\"eks:*\"],\"Effect\":\"Allow\",\"Resource\":\"*\"},{\"Action\":[\"iam:ListRoles\",\"iam:PassRole\"],\"Effect\":\"Allow\",\"Resource\":\"*\"},{\"Action\":[\"ec2:DescribeInstances\",\"ec2:DescribeSubnets\",\"ec2:DescribeSecurityGroups\",\"ec2:DescribeVpcs\",\"ec2:DescribeAvailabilityZones\",\"ec2:DescribeImages\",\"ec2:DescribeKeyPairs\",\"ec2:DescribeLaunchTemplates\",\"ec2:DescribeLaunchTemplateVersions\",\"ec2:CreateLaunchTemplate\",\"ec2:CreateLaunchTemplateVersion\",\"ec2:DeleteLaunchTemplate\",\"ec2:DeleteLaunchTemplateVersions\",\"ec2:ModifyLaunchTemplate\"],\"Effect\":\"Allow\",\"Resource\":\"*\"},{\"Action\":[\"autoscaling:CreateAutoScalingGroup\",\"autoscaling:UpdateAutoScalingGroup\",\"autoscaling:DeleteAutoScalingGroup\",\"autoscaling:DescribeAutoScalingGroups\",\"autoscaling:CreateLaunchConfiguration\",\"autoscaling:DeleteLaunchConfiguration\",\"autoscaling:DescribeLaunchConfigurations\"],\"Effect\":\"Allow\",\"Resource\":\"*\"},{\"Action\":[\"logs:CreateLogGroup\",\"logs:DescribeLogGroups\",\"logs:DeleteLogGroup\",\"logs:PutRetentionPolicy\"],\"Effect\":\"Allow\",\"Resource\":\"arn:aws:logs:*:*:log-group:/aws/eks/*\"},{\"Action\":[\"cloudwatch:PutMetricData\",\"cloudwatch:GetMetricStatistics\",\"cloudwatch:ListMetrics\"],\"Effect\":\"Allow\",\"Resource\":\"*\"},{\"Action\":[\"s3:GetObject\",\"s3:PutObject\",\"s3:DeleteObject\"],\"Effect\":\"Allow\",\"Resource\":\"arn:aws:s3:::eks-*/*\"},{\"Action\":[\"s3:ListBucket\"],\"Effect\":\"Allow\",\"Resource\":\"arn:aws:s3:::eks-*\"}],\"Version\":\"2012-10-17\"}","tags":{"Environment":"dev","ManagedBy":"Terraform","Name":"dev-eks-control-plane-policy","Owner":"dev-team","Project":"demo"},"tags_all":{"Environment":"dev","ManagedBy":"Terraform","Name":"dev-eks-control-plane-policy","Owner":"dev-team","Project":"demo"}},"sensitive_values":{"tags":{},"tags_all":{}},"identity_schema_version":0,"identity":{"arn":null}},{"address":"module.iam.aws_iam_role.eks_control_plane","mode":"managed","type":"aws_iam_role","name":"eks_control_plane","provider_name":"registry.terraform.io/hashicorp/aws","schema_version":0,"values":{"assume_role_policy":"{\"Statement\":[{\"Action\":\"sts:AssumeRole\",\"Effect\":\"Allow\",\"Principal\":{\"Service\":\"ec2.amazonaws.com\"}}],\"Version\":\"2012-10-17\"}","description":null,"force_detach_policies":false,"max_session_duration":3600,"name":"dev-eks-control-plane-role","path":"/","permissions_boundary":null,"tags":{"Environment":"dev","ManagedBy":"Terraform","Name":"dev-eks-control-plane-role","Owner":"dev-team","Project":"demo"},"tags_all":{"Environment":"dev","ManagedBy":"Terraform","Name":"dev-eks-control-plane-role","Owner":"dev-team","Project":"demo"}},"sensitive_values":{"inline_policy":[],"managed_policy_arns":[],"tags":{},"tags_all":{}},"identity_schema_version":0,"identity":{"account_id":null,"name":null}},{"address":"module.iam.aws_iam_role_policy_attachment.eks_control_plane_ec2_policy","mode":"managed","type":"aws_iam_role_policy_attachment","name":"eks_control_plane_ec2_policy","provider_name":"registry.terraform.io/hashicorp/aws","schema_version":0,"values":{"policy_arn":"arn:aws:iam::aws:policy/AmazonEC2FullAccess","role":"dev-eks-control-plane-role"},"sensitive_values":{},"identity_schema_version":0,"identity":{"account_id":null,"policy_arn":null,"role":null}},{"address":"module.iam.aws_iam_role_policy_attachment.eks_control_plane_policy_attachment","mode":"managed","type":"aws_iam_role_policy_attachment","name":"eks_control_plane_policy_attachment","provider_name":"registry.terraform.io/hashicorp/aws","schema_version":0,"values":{"role":"dev-eks-control-plane-role"},"sensitive_values":{},"identity_schema_version":0,"identity":{"account_id":null,"policy_arn":null,"role":null}}],"address":"module.iam"},{"resources":[{"address":"module.keypair.aws_key_pair.eks_control_plane","mode":"managed","type":"aws_key_pair","name":"eks_control_plane","provider_name":"registry.terraform.io/hashicorp/aws","schema_version":1,"values":{"key_name":"dev-eks-control-plane-key","public_key":"ssh-rsa AAAAB3NzaC1yc2EAAAADAQABAAACAQDptXwmMw+Q4D/yyZSj2kXUOi6eTc0VJCMmPqPQwmk3Evl5Fls7edRPPOQcqrITI42mAcWdqIijlFbp5I0bMZGDzotgxiAUTFTGn6OCzQSB6bfIthl+g0satzTdfwO3ncY7cBuHtc4gYjbYmA+byfLTVAGzi++/xNfBp1iaYVXAymwSIp17w755eY9iI87FHWRS5NsnsWP4Van+0RH+2O6RmWzCwpgPYP5bme2s5GNPd2c19DsA6TC42LsOWIkqCOLROi39HXgQIGttnqoGSHkwYKdzhHRdkF/ck/JVEAcZ2Ee9cA0ZtTBOZ8/C2PF/jOlVxxj+elsNYb68pQYCrXKwGlpJEEnVBp8+eDK+2LBLD7ih3HvBdqMKJkO2wIJ+Xk4ZXtgz44+8wl81KECZUsLfeXSLs6CUB0IN9XXXuOaHriETM4B1M0/ITbTfyKN2m5sLuxpjcLlpz9euGHFnPLAFWyYKwie0mG3XpfYXgTcUVriDOaQf5kEyguNRvDDpGXiXI30R/Dsrzh7gZ99XT2wRWg4u5CoDE4NkLyJhFEenjIMWubkrHKiRndA8x5XTw6rB8TmFdEKmd/wJ/Ikvv9NxuZTzI2ejXwbZbMHZ5cprgMyuLo9W8PjIpxRzyiZ91Yzk7725ZCelCc9wsKNUTItGng7la6TuFwlWyybf3b1KUQ== eks-control-plane","region":"ap-southeast-1","tags":{"Environment":"dev","ManagedBy":"Terraform","Name":"dev-eks-control-plane-key","Owner":"dev-team","Project":"demo"},"tags_all":{"Environment":"dev","ManagedBy":"Terraform","Name":"dev-eks-control-plane-key","Owner":"dev-team","Project":"demo"}},"sensitive_values":{"tags":{},"tags_all":{}}}],"address":"module.keypair"},{"resources":[{"address":"module.vpc.aws_internet_gateway.igw","mode":"managed","type":"aws_internet_gateway","name":"igw","provider_name":"registry.terraform.io/hashicorp/aws","schema_version":0,"values":{"region":"ap-southeast-1","tags":{"Environment":"dev","ManagedBy":"Terraform","Name":"dev-igw","Owner":"dev-team","Project":"demo"},"tags_all":{"Environment":"dev","ManagedBy":"Terraform","Name":"dev-igw","Owner":"dev-team","Project":"demo"},"timeouts":null},"sensitive_values":{"tags":{},"tags_all":{}}},{"address":"module.vpc.aws_route_table.private[0]","mode":"managed","type":"aws_route_table","name":"private","index":0,"provider_name":"registry.terraform.io/hashicorp/aws","schema_version":0,"values":{"region":"ap-southeast-1","tags":{"Environment":"dev","ManagedBy":"Terraform","Name":"dev-private-rt-a","Owner":"dev-team","Project":"demo"},"tags_all":{"Environment":"dev","ManagedBy":"Terraform","Name":"dev-private-rt-a","Owner":"dev-team","Project":"demo"},"timeouts":null},"sensitive_values":{"propagating_vgws":[],"route":[],"tags":{},"tags_all":{}},"identity_schema_version":0,"identity":{"account_id":null,"id":null,"region":null}},{"address":"module.vpc.aws_route_table.public","mode":"managed","type":"aws_route_table","name":"public","provider_name":"registry.terraform.io/hashicorp/aws","schema_version":0,"values":{"region":"ap-southeast-1","route":[{"carrier_gateway_id":"","cidr_block":"0.0.0.0/0","core_network_arn":"","destination_prefix_list_id":"","egress_only_gateway_id":"","ipv6_cidr_block":"","local_gateway_id":"","nat_gateway_id":"","network_interface_id":"","transit_gateway_id":"","vpc_endpoint_id":"","vpc_peering_connection_id":""}],"tags":{"Environment":"dev","ManagedBy":"Terraform","Name":"dev-public-rt","Owner":"dev-team","Project":"demo"},"tags_all":{"Environment":"dev","ManagedBy":"Terraform","Name":"dev-public-rt","Owner":"dev-team","Project":"demo"},"timeouts":null},"sensitive_values":{"propagating_vgws":[],"route":[{}],"tags":{},"tags_all":{}},"identity_schema_version":0,"identity":{"account_id":null,"id":null,"region":null}},{"address":"module.vpc.aws_route_table_association.private[0]","mode":"managed","type":"aws_route_table_association","name":"private","index":0,"provider_name":"registry.terraform.io/hashicorp/aws","schema_version":0,"values":{"gateway_id":null,"region":"ap-southeast-1","timeouts":null},"sensitive_values":{}},{"address":"module.vpc.aws_route_table_association.public[0]","mode":"managed","type":"aws_route_table_association","name":"public","index":0,"provider_name":"registry.terraform.io/hashicorp/aws","schema_version":0,"values":{"gateway_id":null,"region":"ap-southeast-1","timeouts":null},"sensitive_values":{}},{"address":"module.vpc.aws_subnet.private[0]","mode":"managed","type":"aws_subnet","name":"private","index":0,"provider_name":"registry.terraform.io/hashicorp/aws","schema_version":1,"values":{"assign_ipv6_address_on_creation":false,"availability_zone":"ap-southeast-1a","cidr_block":"10.0.10.0/24","customer_owned_ipv4_pool":null,"enable_dns64":false,"enable_lni_at_device_index":null,"enable_resource_name_dns_a_record_on_launch":false,"enable_resource_name_dns_aaaa_record_on_launch":false,"ipv6_cidr_block":null,"ipv6_native":false,"map_customer_owned_ip_on_launch":null,"map_public_ip_on_launch":false,"outpost_arn":null,"region":"ap-southeast-1","tags":{"Environment":"dev","ManagedBy":"Terraform","Name":"dev-private-a","Owner":"dev-team","Project":"demo","Type":"Private"},"tags_all":{"Environment":"dev","ManagedBy":"Terraform","Name":"dev-private-a","Owner":"dev-team","Project":"demo","Type":"Private"},"timeouts":null},"sensitive_values":{"tags":{},"tags_all":{}},"identity_schema_version":0,"identity":{"account_id":null,"id":null,"region":null}},{"address":"module.vpc.aws_subnet.public[0]","mode":"managed","type":"aws_subnet","name":"public","index":0,"provider_name":"registry.terraform.io/hashicorp/aws","schema_version":1,"values":{"assign_ipv6_address_on_creation":false,"availability_zone":"ap-southeast-1a","cidr_block":"10.0.1.0/24","customer_owned_ipv4_pool":null,"enable_dns64":false,"enable_lni_at_device_index":null,"enable_resource_name_dns_a_record_on_launch":false,"enable_resource_name_dns_aaaa_record_on_launch":false,"ipv6_cidr_block":null,"ipv6_native":false,"map_customer_owned_ip_on_launch":null,"map_public_ip_on_launch":true,"outpost_arn":null,"region":"ap-southeast-1","tags":{"Environment":"dev","ManagedBy":"Terraform","Name":"dev-public-a","Owner":"dev-team","Project":"demo","Type":"Public"},"tags_all":{"Environment":"dev","ManagedBy":"Terraform","Name":"dev-public-a","Owner":"dev-team","Project":"demo","Type":"Public"},"timeouts":null},"sensitive_values":{"tags":{},"tags_all":{}},"identity_schema_version":0,"identity":{"account_id":null,"id":null,"region":null}},{"address":"module.vpc.aws_vpc.main","mode":"managed","type":"aws_vpc","name":"main","provider_name":"registry.terraform.io/hashicorp/aws","schema_version":1,"values":{"assign_generated_ipv6_cidr_block":null,"cidr_block":"10.0.0.0/16","enable_dns_hostnames":true,"enable_dns_support":true,"instance_tenancy":"default","ipv4_ipam_pool_id":null,"ipv4_netmask_length":null,"ipv6_ipam_pool_id":null,"ipv6_netmask_length":null,"region":"ap-southeast-1","tags":{"Environment":"dev","ManagedBy":"Terraform","Name":"dev-vpc","Owner":"dev-team","Project":"demo"},"tags_all":{"Environment":"dev","ManagedBy":"Terraform","Name":"dev-vpc","Owner":"dev-team","Project":"demo"}},"sensitive_values":{"tags":{},"tags_all":{}},"identity_schema_version":0,"identity":{"account_id":null,"id":null,"region":null}}],"address":"module.vpc"}]}},"resource_changes":[{"address":"module.ec2_control_plane.aws_instance.eks_control_plane","module_address":"module.ec2_control_plane","mode":"managed","type":"aws_instance","name":"eks_control_plane","provider_name":"registry.terraform.io/hashicorp/aws","change":{"actions":["create"],"before":null,"after":{"ami":"ami-0827b3068f1548bf6","credit_specification":[],"force_destroy":false,"get_password_data":false,"hibernation":null,"iam_instance_profile":"dev-eks-control-plane-profile","instance_type":"t3.micro","key_name":"dev-eks-control-plane-key","launch_template":[],"region":"ap-southeast-1","root_block_device":[{"delete_on_termination":true,"encrypted":true,"tags":null,"volume_size":8,"volume_type":"gp3"}],"source_dest_check":true,"tags":{"Environment":"dev","ManagedBy":"Terraform","Name":"dev-eks-control-plane","Owner":"dev-team","Project":"demo","Type":"EKS-Control-Plane"},"tags_all":{"Environment":"dev","ManagedBy":"Terraform","Name":"dev-eks-control-plane","Owner":"dev-team","Project":"demo","Type":"EKS-Control-Plane"},"timeouts":null,"user_data":null,"user_data_base64":"IyEvYmluL2Jhc2gKCiMgRUtTIENvbnRyb2wgUGxhbmUgU2V0dXAgU2NyaXB0CiMgVGhpcyBzY3JpcHQgaW5zdGFsbHMgYW5kIGNvbmZpZ3VyZXMga3ViZWN0bCwgYXdzLWNsaSwgYW5kIG90aGVyIHRvb2xzIG5lZWRlZCBmb3IgRUtTIG1hbmFnZW1lbnQKCnNldCAtZQoKIyBVcGRhdGUgc3lzdGVtCmFwdC1nZXQgdXBkYXRlCmFwdC1nZXQgdXBncmFkZSAteQoKIyBJbnN0YWxsIEFXUyBDTEkgdjIKY3VybCAiaHR0cHM6Ly9hd3NjbGkuYW1hem9uYXdzLmNvbS9hd3NjbGktZXhlLWxpbnV4LXg4Nl82NC56aXAiIC1vICJhd3NjbGl2Mi56aXAiCnVuemlwIGF3c2NsaXYyLnppcAouL2F3cy9pbnN0YWxsCnJtIC1yZiBhd3MgYXdzY2xpdjIuemlwCgojIEluc3RhbGwga3ViZWN0bApjdXJsIC1MTyAiaHR0cHM6Ly9kbC5rOHMuaW8vcmVsZWFzZS8kKGN1cmwgLUwgLXMgaHR0cHM6Ly9kbC5rOHMuaW8vcmVsZWFzZS9zdGFibGUudHh0KS9iaW4vbGludXgvYW1kNjQva3ViZWN0bCIKY2htb2QgK3gga3ViZWN0bAptdiBrdWJlY3RsIC91c3IvbG9jYWwvYmluLwoKIyBJbnN0YWxsIGVrc2N0bApjdXJsIC0tc2lsZW50IC0tbG9jYXRpb24gImh0dHBzOi8vZ2l0aHViLmNvbS93ZWF2ZXdvcmtzL2Vrc2N0bC9yZWxlYXNlcy9sYXRlc3QvZG93bmxvYWQvZWtzY3RsXyQodW5hbWUgLXMpX2FtZDY0LnRhci5neiIgfCB0YXIgeHogLUMgL3RtcAptdiAvdG1wL2Vrc2N0bCAvdXNyL2xvY2FsL2JpbgoKIyBJbnN0YWxsIGhlbG0KY3VybCBodHRwczovL3Jhdy5naXRodWJ1c2VyY29udGVudC5jb20vaGVsbS9oZWxtL21haW4vc2NyaXB0cy9nZXQtaGVsbS0zIHwgYmFzaAoKIyBJbnN0YWxsIGFkZGl0aW9uYWwgdXNlZnVsIHRvb2xzCmFwdC1nZXQgaW5zdGFsbCAteSBcCiAgICBqcSBcCiAgICBnaXQgXAogICAgY3VybCBcCiAgICB3Z2V0IFwKICAgIHVuemlwIFwKICAgIGh0b3AgXAogICAgdmltIFwKICAgIG5hbm8gXAogICAgdHJlZQoKIyBDcmVhdGUgYSBub24tcm9vdCB1c2VyIGZvciBFS1MgbWFuYWdlbWVudAp1c2VyYWRkIC1tIC1zIC9iaW4vYmFzaCBla3MtYWRtaW4KdXNlcm1vZCAtYUcgc3VkbyBla3MtYWRtaW4KCiMgQ3JlYXRlIC5rdWJlIGRpcmVjdG9yeSBmb3IgZWtzLWFkbWluIHVzZXIKbWtkaXIgLXAgL2hvbWUvZWtzLWFkbWluLy5rdWJlCmNob3duIGVrcy1hZG1pbjpla3MtYWRtaW4gL2hvbWUvZWtzLWFkbWluLy5rdWJlCgojIENyZWF0ZSBhIHNjcmlwdCB0byB1cGRhdGUga3ViZWNvbmZpZwpjYXQgPiAvaG9tZS9la3MtYWRtaW4vdXBkYXRlLWt1YmVjb25maWcuc2ggPDwgJ0VPRicKIyEvYmluL2Jhc2gKYXdzIGVrcyB1cGRhdGUta3ViZWNvbmZpZyAtLXJlZ2lvbiBhcC1zb3V0aGVhc3QtMSAtLW5hbWUgZGV2LWVrcy1jbHVzdGVyCkVPRgoKY2htb2QgK3ggL2hvbWUvZWtzLWFkbWluL3VwZGF0ZS1rdWJlY29uZmlnLnNoCmNob3duIGVrcy1hZG1pbjpla3MtYWRtaW4gL2hvbWUvZWtzLWFkbWluL3VwZGF0ZS1rdWJlY29uZmlnLnNoCgojIENyZWF0ZSBhIGhlbHBmdWwgUkVBRE1FCmNhdCA+IC9ob21lL2Vrcy1hZG1pbi9SRUFETUUubWQgPDwgJ0VPRicKIyBFS1MgQ29udHJvbCBQbGFuZSBNYW5hZ2VtZW50CgpUaGlzIEVDMiBpbnN0YW5jZSBpcyBjb25maWd1cmVkIHRvIG1hbmFnZSB0aGUgRUtTIGNsdXN0ZXIuCgojIyBRdWljayBTdGFydAoKMS4gVXBkYXRlIGt1YmVjb25maWc6CiAgIGBgYGJhc2gKICAgLi91cGRhdGUta3ViZWNvbmZpZy5zaAogICBgYGAKCjIuIFZlcmlmeSBjbHVzdGVyIGFjY2VzczoKICAgYGBgYmFzaAogICBrdWJlY3RsIGdldCBub2RlcwogICBrdWJlY3RsIGdldCBwb2RzIC0tYWxsLW5hbWVzcGFjZXMKICAgYGBgCgozLiBVc2VmdWwgY29tbWFuZHM6CiAgIGBgYGJhc2gKICAgIyBHZXQgY2x1c3RlciBpbmZvCiAgIGt1YmVjdGwgY2x1c3Rlci1pbmZvCiAgIAogICAjIExpc3QgYWxsIHJlc291cmNlcwogICBrdWJlY3RsIGdldCBhbGwgLS1hbGwtbmFtZXNwYWNlcwogICAKICAgIyBBY2Nlc3MgY2x1c3RlciB2aWEgcHJveHkKICAga3ViZWN0bCBwcm94eSAtLXBvcnQ9ODAwMAogICBgYGAKCiMjIEluc3RhbGxlZCBUb29scwoKLSBrdWJlY3RsOiBLdWJlcm5ldGVzIGNvbW1hbmQtbGluZSB0b29sCi0gZWtzY3RsOiBFS1MgY29tbWFuZC1saW5lIHRvb2wKLSBoZWxtOiBLdWJlcm5ldGVzIHBhY2thZ2UgbWFuYWdlcgotIGF3cy1jbGk6IEFXUyBjb21tYW5kLWxpbmUgaW50ZXJmYWNlCgojIyBOb3RlcwoKLSBUaGUgY2x1c3RlciBpcyBjb25maWd1cmVkIHdpdGggbWluaW1hbCByZXNvdXJjZXMgZm9yIGRldmVsb3BtZW50Ci0gTm9kZSBncm91cCB1c2VzIHQzLm1lZGl1bSBpbnN0YW5jZXMKLSBPbmx5IDEtMiBub2RlcyBhcmUgcnVubmluZyBieSBkZWZhdWx0CkVPRgoKY2hvd24gZWtzLWFkbWluOmVrcy1hZG1pbiAvaG9tZS9la3MtYWRtaW4vUkVBRE1FLm1kCgojIFNldCB1cCBiYXNoIGNvbXBsZXRpb24gZm9yIGt1YmVjdGwKZWNobyAnc291cmNlIDwoa3ViZWN0bCBjb21wbGV0aW9uIGJhc2gpJyA+PiAvaG9tZS9la3MtYWRtaW4vLmJhc2hyYwplY2hvICdhbGlhcyBrPWt1YmVjdGwnID4+IC9ob21lL2Vrcy1hZG1pbi8uYmFzaHJjCmVjaG8gJ2NvbXBsZXRlIC1GIF9fc3RhcnRfa3ViZWN0bCBrJyA+PiAvaG9tZS9la3MtYWRtaW4vLmJhc2hyYwoKIyBDcmVhdGUgYSBzeXN0ZW1kIHNlcnZpY2UgdG8gYXV0b21hdGljYWxseSB1cGRhdGUga3ViZWNvbmZpZyBvbiBib290CmNhdCA+IC9ldGMvc3lzdGVtZC9zeXN0ZW0vZWtzLWt1YmVjb25maWcuc2VydmljZSA8PCBFT0YKW1VuaXRdCkRlc2NyaXB0aW9uPVVwZGF0ZSBFS1Mga3ViZWNvbmZpZwpBZnRlcj1uZXR3b3JrLnRhcmdldAoKW1NlcnZpY2VdClR5cGU9b25lc2hvdApVc2VyPWVrcy1hZG1pbgpFeGVjU3RhcnQ9L2hvbWUvZWtzLWFkbWluL3VwZGF0ZS1rdWJlY29uZmlnLnNoClJlbWFpbkFmdGVyRXhpdD15ZXMKCltJbnN0YWxsXQpXYW50ZWRCeT1tdWx0aS11c2VyLnRhcmdldApFT0YKCnN5c3RlbWN0bCBlbmFibGUgZWtzLWt1YmVjb25maWcuc2VydmljZQoKIyBMb2cgY29tcGxldGlvbgplY2hvICJFS1MgQ29udHJvbCBQbGFuZSBzZXR1cCBjb21wbGV0ZWQgYXQgJChkYXRlKSIgPj4gL3Zhci9sb2cvZWtzLXNldHVwLmxvZwo=","user_data_replace_on_change":false,"volume_tags":null},"after_unknown":{"arn":true,"associate_public_ip_address":true,"availability_zone":true,"capacity_reservation_specification":true,"cpu_options":true,"credit_specification":[],"disable_api_stop":true,"disable_api_termination":true,"ebs_block_device":true,"ebs_optimized":true,"enable_primary_ipv6":true,"enclave_options":true,"ephemeral_block_device":true,"host_id":true,"host_resource_group_arn":true,"id":true,"instance_initiated_shutdown_behavior":true,"instance_lifecycle":true,"instance_market_options":true,"instance_state":true,"ipv6_address_count":true,"ipv6_addresses":true,"launch_template":[],"maintenance_options":true,"metadata_options":true,"monitoring":true,"network_interface":true,"outpost_arn":true,"password_data":true,"placement_group":true,"placement_group_id":true,"placement_partition_number":true,"primary_network_interface":true,"primary_network_interface_id":true,"private_dns":true,"private_dns_name_options":true,"private_ip":true,"public_dns":true,"public_ip":true,"root_block_device":[{"device_name":true,"iops":true,"kms_key_id":true,"tags_all":true,"throughput":true,"volume_id":true}],"secondary_private_ips":true,"security_groups":true,"spot_instance_request_id":true,"subnet_id":true,"tags":{},"tags_all":{},"tenancy":true,"vpc_security_group_ids":true},"before_sensitive":false,"after_sensitive":{"capacity_reservation_specification":[],"cpu_options":[],"credit_specification":[],"ebs_block_device":[],"enclave_options":[],"ephemeral_block_device":[],"instance_market_options":[],"ipv6_addresses":[],"launch_template":[],"maintenance_options":[],"metadata_options":[],"network_interface":[],"primary_network_interface":[],"private_dns_name_options":[],"root_block_device":[{"tags_all":{}}],"secondary_private_ips":[],"security_groups":[],"tags":{},"tags_all":{},"vpc_security_group_ids":[]},"after_identity":{"account_id":null,"id":null,"region":null}}},{"address":"module.ec2_control_plane.aws_security_group.eks_control_plane","module_address":"module.ec2_control_plane","mode":"managed","type":"aws_security_group","name":"eks_control_plane","provider_name":"registry.terraform.io/hashicorp/aws","change":{"actions":["create"],"before":null,"after":{"description":"Security group for EKS control plane EC2 instance","egress":[{"cidr_blocks":["0.0.0.0/0"],"description":"All outbound traffic","from_port":0,"ipv6_cidr_blocks":[],"prefix_list_ids":[],"protocol":"-1","security_groups":[],"self":false,"to_port":0}],"ingress":[{"cidr_blocks":["27.74.242.173/32"],"description":"Kubectl proxy","from_port":8000,"ipv6_cidr_blocks":[],"prefix_list_ids":[],"protocol":"tcp","security_groups":[],"self":false,"to_port":8000},{"cidr_blocks":["27.74.242.173/32"],"description":"SSH access","from_port":22,"ipv6_cidr_blocks":[],"prefix_list_ids":[],"protocol":"tcp","security_groups":[],"self":false,"to_port":22},{"cidr_blocks":["27.74.242.173/32"],"description":"Web access","from_port":8080,"ipv6_cidr_blocks":[],"prefix_list_ids":[],"protocol":"tcp","security_groups":[],"self":false,"to_port":8080}],"name_prefix":"dev-eks-control-plane-","region":"ap-southeast-1","revoke_rules_on_delete":false,"tags":{"Environment":"dev","ManagedBy":"Terraform","Name":"dev-eks-control-plane-sg","Owner":"dev-team","Project":"demo"},"tags_all":{"Environment":"dev","ManagedBy":"Terraform","Name":"dev-eks-control-plane-sg","Owner":"dev-team","Project":"demo"},"timeouts":null},"after_unknown":{"arn":true,"egress":[{"cidr_blocks":[false],"ipv6_cidr_blocks":[],"prefix_list_ids":[],"security_groups":[]}],"id":true,"ingress":[{"cidr_blocks":[false],"ipv6_cidr_blocks":[],"prefix_list_ids":[],"security_groups":[]},{"cidr_blocks":[false],"ipv6_cidr_blocks":[],"prefix_list_ids":[],"security_groups":[]},{"cidr_blocks":[false],"ipv6_cidr_blocks":[],"prefix_list_ids":[],"security_groups":[]}],"name":true,"owner_id":true,"tags":{},"tags_all":{},"vpc_id":true},"before_sensitive":false,"after_sensitive":{"egress":[{"cidr_blocks":[false],"ipv6_cidr_blocks":[],"prefix_list_ids":[],"security_groups":[]}],"ingress":[{"cidr_blocks":[false],"ipv6_cidr_blocks":[],"prefix_list_ids":[],"security_groups":[]},{"cidr_blocks":[false],"ipv6_cidr_blocks":[],"prefix_list_ids":[],"security_groups":[]},{"cidr_blocks":[false],"ipv6_cidr_blocks":[],"prefix_list_ids":[],"security_groups":[]}],"tags":{},"tags_all":{}},"after_identity":{"account_id":null,"id":null,"region":null}}},{"address":"module.eks.aws_cloudwatch_log_group.eks_cluster","module_address":"module.eks","mode":"managed","type":"aws_cloudwatch_log_group","name":"eks_cluster","provider_name":"registry.terraform.io/hashicorp/aws","change":{"actions":["create"],"before":null,"after":{"kms_key_id":null,"name":"/aws/eks/dev-eks-cluster/cluster","region":"ap-southeast-1","retention_in_days":7,"skip_destroy":false,"tags":{"Environment":"dev","ManagedBy":"Terraform","Name":"dev-eks-cluster-logs","Owner":"dev-team","Project":"demo"},"tags_all":{"Environment":"dev","ManagedBy":"Terraform","Name":"dev-eks-cluster-logs","Owner":"dev-team","Project":"demo"}},"after_unknown":{"arn":true,"id":true,"log_group_class":true,"name_prefix":true,"tags":{},"tags_all":{}},"before_sensitive":false,"after_sensitive":{"tags":{},"tags_all":{}},"after_identity":{"account_id":null,"name":null,"region":null}}},{"address":"module.eks.aws_eks_cluster.main","module_address":"module.eks","mode":"managed","type":"aws_eks_cluster","name":"main","provider_name":"registry.terraform.io/hashicorp/aws","change":{"actions":["create"],"before":null,"after":{"bootstrap_self_managed_addons":true,"enabled_cluster_log_types":null,"encryption_config":[],"force_update_version":null,"name":"dev-eks-cluster","outpost_config":[],"region":"ap-southeast-1","remote_network_config":[],"tags":{"Environment":"dev","ManagedBy":"Terraform","Name":"dev-eks-cluster","Owner":"dev-team","Project":"demo"},"tags_all":{"Environment":"dev","ManagedBy":"Terraform","Name":"dev-eks-cluster","Owner":"dev-team","Project":"demo"},"timeouts":null,"version":"1.28","vpc_config":[{"endpoint_private_access":true,"endpoint_public_access":true,"public_access_cidrs":["27.74.242.173/32"]}],"zonal_shift_config":[]},"after_unknown":{"access_config":true,"arn":true,"certificate_authority":true,"cluster_id":true,"compute_config":true,"created_at":true,"deletion_protection":true,"encryption_config":[],"endpoint":true,"id":true,"identity":true,"kubernetes_network_config":true,"outpost_config":[],"platform_version":true,"remote_network_config":[],"role_arn":true,"status":true,"storage_config":true,"tags":{},"tags_all":{},"upgrade_policy":true,"vpc_config":[{"cluster_security_group_id":true,"public_access_cidrs":[false],"security_group_ids":true,"subnet_ids":true,"vpc_id":true}],"zonal_shift_config":[]},"before_sensitive":false,"after_sensitive":{"access_config":[],"certificate_authority":[],"compute_config":[],"encryption_config":[],"identity":[],"kubernetes_network_config":[],"outpost_config":[],"remote_network_config":[],"storage_config":[],"tags":{},"tags_all":{},"upgrade_policy":[],"vpc_config":[{"public_access_cidrs":[false],"security_group_ids":[],"subnet_ids":[]}],"zonal_shift_config":[]}}},{"address":"module.eks.aws_eks_node_group.main","module_address":"module.eks","mode":"managed","type":"aws_eks_node_group","name":"main","provider_name":"registry.terraform.io/hashicorp/aws","change":{"actions":["create"],"before":null,"after":{"capacity_type":"SPOT","cluster_name":"dev-eks-cluster","disk_size":8,"force_update_version":null,"instance_types":["t3.small"],"labels":null,"launch_template":[],"node_group_name":"dev-eks-nodes","region":"ap-southeast-1","remote_access":[],"scaling_config":[{"desired_size":1,"max_size":2,"min_size":1}],"tags":{"Environment":"dev","ManagedBy":"Terraform","Name":"dev-eks-nodes","Owner":"dev-team","Project":"demo"},"tags_all":{"Environment":"dev","ManagedBy":"Terraform","Name":"dev-eks-nodes","Owner":"dev-team","Project":"demo"},"taint":[],"timeouts":null,"update_config":[{"max_unavailable":null,"max_unavailable_percentage":25}]},"after_unknown":{"ami_type":true,"arn":true,"id":true,"instance_types":[false],"launch_template":[],"node_group_name_prefix":true,"node_repair_config":true,"node_role_arn":true,"release_version":true,"remote_access":[],"resources":true,"scaling_config":[{}],"status":true,"subnet_ids":true,"tags":{},"tags_all":{},"taint":[],"update_config":[{}],"version":true},"before_sensitive":false,"after_sensitive":{"instance_types":[false],"launch_template":[],"node_repair_config":[],"remote_access":[],"resources":[],"scaling_config":[{}],"subnet_ids":[],"tags":{},"tags_all":{},"taint":[],"update_config":[{}]}}},{"address":"module.eks.aws_iam_role.eks_cluster_role","module_address":"module.eks","mode":"managed","type":"aws_iam_role","name":"eks_cluster_role","provider_name":"registry.terraform.io/hashicorp/aws","change":{"actions":["create"],"before":null,"after":{"assume_role_policy":"{\"Statement\":[{\"Action\":\"sts:AssumeRole\",\"Effect\":\"Allow\",\"Principal\":{\"Service\":\"eks.amazonaws.com\"}}],\"Version\":\"2012-10-17\"}","description":null,"force_detach_policies":false,"max_session_duration":3600,"name":"dev-eks-cluster-role","path":"/","permissions_boundary":null,"tags":{"Environment":"dev","ManagedBy":"Terraform","Name":"dev-eks-cluster-role","Owner":"dev-team","Project":"demo"},"tags_all":{"Environment":"dev","ManagedBy":"Terraform","Name":"dev-eks-cluster-role","Owner":"dev-team","Project":"demo"}},"after_unknown":{"arn":true,"create_date":true,"id":true,"inline_policy":true,"managed_policy_arns":true,"name_prefix":true,"tags":{},"tags_all":{},"unique_id":true},"before_sensitive":false,"after_sensitive":{"inline_policy":[],"managed_policy_arns":[],"tags":{},"tags_all":{}},"after_identity":{"account_id":null,"name":null}}},{"address":"module.eks.aws_iam_role.eks_node_group_role","module_address":"module.eks","mode":"managed","type":"aws_iam_role","name":"eks_node_group_role","provider_name":"registry.terraform.io/hashicorp/aws","change":{"actions":["create"],"before":null,"after":{"assume_role_policy":"{\"Statement\":[{\"Action\":\"sts:AssumeRole\",\"Effect\":\"Allow\",\"Principal\":{\"Service\":\"ec2.amazonaws.com\"}}],\"Version\":\"2012-10-17\"}","description":null,"force_detach_policies":false,"max_session_duration":3600,"name":"dev-eks-node-group-role","path":"/","permissions_boundary":null,"tags":{"Environment":"dev","ManagedBy":"Terraform","Name":"dev-eks-node-group-role","Owner":"dev-team","Project":"demo"},"tags_all":{"Environment":"dev","ManagedBy":"Terraform","Name":"dev-eks-node-group-role","Owner":"dev-team","Project":"demo"}},"after_unknown":{"arn":true,"create_date":true,"id":true,"inline_policy":true,"managed_policy_arns":true,"name_prefix":true,"tags":{},"tags_all":{},"unique_id":true},"before_sensitive":false,"after_sensitive":{"inline_policy":[],"managed_policy_arns":[],"tags":{},"tags_all":{}},"after_identity":{"account_id":null,"name":null}}},{"address":"module.eks.aws_iam_role_policy_attachment.eks_cluster_policy","module_address":"module.eks","mode":"managed","type":"aws_iam_role_policy_attachment","name":"eks_cluster_policy","provider_name":"registry.terraform.io/hashicorp/aws","change":{"actions":["create"],"before":null,"after":{"policy_arn":"arn:aws:iam::aws:policy/AmazonEKSClusterPolicy","role":"dev-eks-cluster-role"},"after_unknown":{"id":true},"before_sensitive":false,"after_sensitive":{},"after_identity":{"account_id":null,"policy_arn":null,"role":null}}},{"address":"module.eks.aws_iam_role_policy_attachment.eks_cni_policy","module_address":"module.eks","mode":"managed","type":"aws_iam_role_policy_attachment","name":"eks_cni_policy","provider_name":"registry.terraform.io/hashicorp/aws","change":{"actions":["create"],"before":null,"after":{"policy_arn":"arn:aws:iam::aws:policy/AmazonEKS_CNI_Policy","role":"dev-eks-node-group-role"},"after_unknown":{"id":true},"before_sensitive":false,"after_sensitive":{},"after_identity":{"account_id":null,"policy_arn":null,"role":null}}},{"address":"module.eks.aws_iam_role_policy_attachment.eks_container_registry_policy","module_address":"module.eks","mode":"managed","type":"aws_iam_role_policy_attachment","name":"eks_container_registry_policy","provider_name":"registry.terraform.io/hashicorp/aws","change":{"actions":["create"],"before":null,"after":{"policy_arn":"arn:aws:iam::aws:policy/AmazonEC2ContainerRegistryReadOnly","role":"dev-eks-node-group-role"},"after_unknown":{"id":true},"before_sensitive":false,"after_sensitive":{},"after_identity":{"account_id":null,"policy_arn":null,"role":null}}},{"address":"module.eks.aws_iam_role_policy_attachment.eks_worker_node_policy","module_address":"module.eks","mode":"managed","type":"aws_iam_role_policy_attachment","name":"eks_worker_node_policy","provider_name":"registry.terraform.io/hashicorp/aws","change":{"actions":["create"],"before":null,"after":{"policy_arn":"arn:aws:iam::aws:policy/AmazonEKSWorkerNodePolicy","role":"dev-eks-node-group-role"},"after_unknown":{"id":true},"before_sensitive":false,"after_sensitive":{},"after_identity":{"account_id":null,"policy_arn":null,"role":null}}},{"address":"module.eks.aws_security_group.eks_cluster","module_address":"module.eks","mode":"managed","type":"aws_security_group","name":"eks_cluster","provider_name":"registry.terraform.io/hashicorp/aws","change":{"actions":["create"],"before":null,"after":{"description":"Managed by Terraform","egress":[{"cidr_blocks":["0.0.0.0/0"],"description":"","from_port":0,"ipv6_cidr_blocks":[],"prefix_list_ids":[],"protocol":"-1","security_groups":[],"self":false,"to_port":0}],"name_prefix":"dev-eks-cluster-","region":"ap-southeast-1","revoke_rules_on_delete":false,"tags":{"Environment":"dev","ManagedBy":"Terraform","Name":"dev-eks-cluster-sg","Owner":"dev-team","Project":"demo"},"tags_all":{"Environment":"dev","ManagedBy":"Terraform","Name":"dev-eks-cluster-sg","Owner":"dev-team","Project":"demo"},"timeouts":null},"after_unknown":{"arn":true,"egress":[{"cidr_blocks":[false],"ipv6_cidr_blocks":[],"prefix_list_ids":[],"security_groups":[]}],"id":true,"ingress":true,"name":true,"owner_id":true,"tags":{},"tags_all":{},"vpc_id":true},"before_sensitive":false,"after_sensitive":{"egress":[{"cidr_blocks":[false],"ipv6_cidr_blocks":[],"prefix_list_ids":[],"security_groups":[]}],"ingress":[],"tags":{},"tags_all":{}},"after_identity":{"account_id":null,"id":null,"region":null}}},{"address":"module.eks.aws_security_group.eks_nodes","module_address":"module.eks","mode":"managed","type":"aws_security_group","name":"eks_nodes","provider_name":"registry.terraform.io/hashicorp/aws","change":{"actions":["create"],"before":null,"after":{"description":"Managed by Terraform","egress":[{"cidr_blocks":["0.0.0.0/0"],"description":"","from_port":0,"ipv6_cidr_blocks":[],"prefix_list_ids":[],"protocol":"-1","security_groups":[],"self":false,"to_port":0}],"ingress":[{"cidr_blocks":[],"description":"","from_port":0,"ipv6_cidr_blocks":[],"prefix_list_ids":[],"protocol":"tcp","self":false,"to_port":65535},{"cidr_blocks":[],"description":"","from_port":0,"ipv6_cidr_blocks":[],"prefix_list_ids":[],"protocol":"tcp","security_groups":[],"self":true,"to_port":65535}],"name_prefix":"dev-eks-nodes-","region":"ap-southeast-1","revoke_rules_on_delete":false,"tags":{"Environment":"dev","ManagedBy":"Terraform","Name":"dev-eks-nodes-sg","Owner":"dev-team","Project":"demo"},"tags_all":{"Environment":"dev","ManagedBy":"Terraform","Name":"dev-eks-nodes-sg","Owner":"dev-team","Project":"demo"},"timeouts":null},"after_unknown":{"arn":true,"egress":[{"cidr_blocks":[false],"ipv6_cidr_blocks":[],"prefix_list_ids":[],"security_groups":[]}],"id":true,"ingress":[{"cidr_blocks":[],"ipv6_cidr_blocks":[],"prefix_list_ids":[],"security_groups":true},{"cidr_blocks":[],"ipv6_cidr_blocks":[],"prefix_list_ids":[],"security_groups":[]}],"name":true,"owner_id":true,"tags":{},"tags_all":{},"vpc_id":true},"before_sensitive":false,"after_sensitive":{"egress":[{"cidr_blocks":[false],"ipv6_cidr_blocks":[],"prefix_list_ids":[],"security_groups":[]}],"ingress":[{"cidr_blocks":[],"ipv6_cidr_blocks":[],"prefix_list_ids":[],"security_groups":[]},{"cidr_blocks":[],"ipv6_cidr_blocks":[],"prefix_list_ids":[],"security_groups":[]}],"tags":{},"tags_all":{}},"after_identity":{"account_id":null,"id":null,"region":null}}},{"address":"module.iam.aws_iam_instance_profile.eks_control_plane_profile","module_address":"module.iam","mode":"managed","type":"aws_iam_instance_profile","name":"eks_control_plane_profile","provider_name":"registry.terraform.io/hashicorp/aws","change":{"actions":["create"],"before":null,"after":{"name":"dev-eks-control-plane-profile","path":"/","role":"dev-eks-control-plane-role","tags":{"Environment":"dev","ManagedBy":"Terraform","Name":"dev-eks-control-plane-profile","Owner":"dev-team","Project":"demo"},"tags_all":{"Environment":"dev","ManagedBy":"Terraform","Name":"dev-eks-control-plane-profile","Owner":"dev-team","Project":"demo"}},"after_unknown":{"arn":true,"create_date":true,"id":true,"name_prefix":true,"tags":{},"tags_all":{},"unique_id":true},"before_sensitive":false,"after_sensitive":{"tags":{},"tags_all":{}}}},{"address":"module.iam.aws_iam_policy.eks_control_plane_policy","module_address":"module.iam","mode":"managed","type":"aws_iam_policy","name":"eks_control_plane_policy","provider_name":"registry.terraform.io/hashicorp/aws","change":{"actions":["create"],"before":null,"after":{"description":"Policy for EC2 instance to manage EKS cluster","name":"dev-eks-control-plane-policy","path":"/","policy":"{\"Statement\":[{\"Action\":[\"eks:*\"],\"Effect\":\"Allow\",\"Resource\":\"*\"},{\"Action\":[\"iam:ListRoles\",\"iam:PassRole\"],\"Effect\":\"Allow\",\"Resource\":\"*\"},{\"Action\":[\"ec2:DescribeInstances\",\"ec2:DescribeSubnets\",\"ec2:DescribeSecurityGroups\",\"ec2:DescribeVpcs\",\"ec2:DescribeAvailabilityZones\",\"ec2:DescribeImages\",\"ec2:DescribeKeyPairs\",\"ec2:DescribeLaunchTemplates\",\"ec2:DescribeLaunchTemplateVersions\",\"ec2:CreateLaunchTemplate\",\"ec2:CreateLaunchTemplateVersion\",\"ec2:DeleteLaunchTemplate\",\"ec2:DeleteLaunchTemplateVersions\",\"ec2:ModifyLaunchTemplate\"],\"Effect\":\"Allow\",\"Resource\":\"*\"},{\"Action\":[\"autoscaling:CreateAutoScalingGroup\",\"autoscaling:UpdateAutoScalingGroup\",\"autoscaling:DeleteAutoScalingGroup\",\"autoscaling:DescribeAutoScalingGroups\",\"autoscaling:CreateLaunchConfiguration\",\"autoscaling:DeleteLaunchConfiguration\",\"autoscaling:DescribeLaunchConfigurations\"],\"Effect\":\"Allow\",\"Resource\":\"*\"},{\"Action\":[\"logs:CreateLogGroup\",\"logs:DescribeLogGroups\",\"logs:DeleteLogGroup\",\"logs:PutRetentionPolicy\"],\"Effect\":\"Allow\",\"Resource\":\"arn:aws:logs:*:*:log-group:/aws/eks/*\"},{\"Action\":[\"cloudwatch:PutMetricData\",\"cloudwatch:GetMetricStatistics\",\"cloudwatch:ListMetrics\"],\"Effect\":\"Allow\",\"Resource\":\"*\"},{\"Action\":[\"s3:GetObject\",\"s3:PutObject\",\"s3:DeleteObject\"],\"Effect\":\"Allow\",\"Resource\":\"arn:aws:s3:::eks-*/*\"},{\"Action\":[\"s3:ListBucket\"],\"Effect\":\"Allow\",\"Resource\":\"arn:aws:s3:::eks-*\"}],\"Version\":\"2012-10-17\"}","tags":{"Environment":"dev","ManagedBy":"Terraform","Name":"dev-eks-control-plane-policy","Owner":"dev-team","Project":"demo"},"tags_all":{"Environment":"dev","ManagedBy":"Terraform","Name":"dev-eks-control-plane-policy","Owner":"dev-team","Project":"demo"}},"after_unknown":{"arn":true,"attachment_count":true,"id":true,"name_prefix":true,"policy_id":true,"tags":{},"tags_all":{}},"before_sensitive":false,"after_sensitive":{"tags":{},"tags_all":{}},"after_identity":{"arn":null}}},{"address":"module.iam.aws_iam_role.eks_control_plane","module_address":"module.iam","mode":"managed","type":"aws_iam_role","name":"eks_control_plane","provider_name":"registry.terraform.io/hashicorp/aws","change":{"actions":["create"],"before":null,"after":{"assume_role_policy":"{\"Statement\":[{\"Action\":\"sts:AssumeRole\",\"Effect\":\"Allow\",\"Principal\":{\"Service\":\"ec2.amazonaws.com\"}}],\"Version\":\"2012-10-17\"}","description":null,"force_detach_policies":false,"max_session_duration":3600,"name":"dev-eks-control-plane-role","path":"/","permissions_boundary":null,"tags":{"Environment":"dev","ManagedBy":"Terraform","Name":"dev-eks-control-plane-role","Owner":"dev-team","Project":"demo"},"tags_all":{"Environment":"dev","ManagedBy":"Terraform","Name":"dev-eks-control-plane-role","Owner":"dev-team","Project":"demo"}},"after_unknown":{"arn":true,"create_date":true,"id":true,"inline_policy":true,"managed_policy_arns":true,"name_prefix":true,"tags":{},"tags_all":{},"unique_id":true},"before_sensitive":false,"after_sensitive":{"inline_policy":[],"managed_policy_arns":[],"tags":{},"tags_all":{}},"after_identity":{"account_id":null,"name":null}}},{"address":"module.iam.aws_iam_role_policy_attachment.eks_control_plane_ec2_policy","module_address":"module.iam","mode":"managed","type":"aws_iam_role_policy_attachment","name":"eks_control_plane_ec2_policy","provider_name":"registry.terraform.io/hashicorp/aws","change":{"actions":["create"],"before":null,"after":{"policy_arn":"arn:aws:iam::aws:policy/AmazonEC2FullAccess","role":"dev-eks-control-plane-role"},"after_unknown":{"id":true},"before_sensitive":false,"after_sensitive":{},"after_identity":{"account_id":null,"policy_arn":null,"role":null}}},{"address":"module.iam.aws_iam_role_policy_attachment.eks_control_plane_policy_attachment","module_address":"module.iam","mode":"managed","type":"aws_iam_role_policy_attachment","name":"eks_control_plane_policy_attachment","provider_name":"registry.terraform.io/hashicorp/aws","change":{"actions":["create"],"before":null,"after":{"role":"dev-eks-control-plane-role"},"after_unknown":{"id":true,"policy_arn":true},"before_sensitive":false,"after_sensitive":{},"after_identity":{"account_id":null,"policy_arn":null,"role":null}}},{"address":"module.keypair.aws_key_pair.eks_control_plane","module_address":"module.keypair","mode":"managed","type":"aws_key_pair","name":"eks_control_plane","provider_name":"registry.terraform.io/hashicorp/aws","change":{"actions":["create"],"before":null,"after":{"key_name":"dev-eks-control-plane-key","public_key":"ssh-rsa AAAAB3NzaC1yc2EAAAADAQABAAACAQDptXwmMw+Q4D/yyZSj2kXUOi6eTc0VJCMmPqPQwmk3Evl5Fls7edRPPOQcqrITI42mAcWdqIijlFbp5I0bMZGDzotgxiAUTFTGn6OCzQSB6bfIthl+g0satzTdfwO3ncY7cBuHtc4gYjbYmA+byfLTVAGzi++/xNfBp1iaYVXAymwSIp17w755eY9iI87FHWRS5NsnsWP4Van+0RH+2O6RmWzCwpgPYP5bme2s5GNPd2c19DsA6TC42LsOWIkqCOLROi39HXgQIGttnqoGSHkwYKdzhHRdkF/ck/JVEAcZ2Ee9cA0ZtTBOZ8/C2PF/jOlVxxj+elsNYb68pQYCrXKwGlpJEEnVBp8+eDK+2LBLD7ih3HvBdqMKJkO2wIJ+Xk4ZXtgz44+8wl81KECZUsLfeXSLs6CUB0IN9XXXuOaHriETM4B1M0/ITbTfyKN2m5sLuxpjcLlpz9euGHFnPLAFWyYKwie0mG3XpfYXgTcUVriDOaQf5kEyguNRvDDpGXiXI30R/Dsrzh7gZ99XT2wRWg4u5CoDE4NkLyJhFEenjIMWubkrHKiRndA8x5XTw6rB8TmFdEKmd/wJ/Ikvv9NxuZTzI2ejXwbZbMHZ5cprgMyuLo9W8PjIpxRzyiZ91Yzk7725ZCelCc9wsKNUTItGng7la6TuFwlWyybf3b1KUQ== eks-control-plane","region":"ap-southeast-1","tags":{"Environment":"dev","ManagedBy":"Terraform","Name":"dev-eks-control-plane-key","Owner":"dev-team","Project":"demo"},"tags_all":{"Environment":"dev","ManagedBy":"Terraform","Name":"dev-eks-control-plane-key","Owner":"dev-team","Project":"demo"}},"after_unknown":{"arn":true,"fingerprint":true,"id":true,"key_name_prefix":true,"key_pair_id":true,"key_type":true,"tags":{},"tags_all":{}},"before_sensitive":false,"after_sensitive":{"tags":{},"tags_all":{}}}},{"address":"module.vpc.aws_internet_gateway.igw","module_address":"module.vpc","mode":"managed","type":"aws_internet_gateway","name":"igw","provider_name":"registry.terraform.io/hashicorp/aws","change":{"actions":["create"],"before":null,"after":{"region":"ap-southeast-1","tags":{"Environment":"dev","ManagedBy":"Terraform","Name":"dev-igw","Owner":"dev-team","Project":"demo"},"tags_all":{"Environment":"dev","ManagedBy":"Terraform","Name":"dev-igw","Owner":"dev-team","Project":"demo"},"timeouts":null},"after_unknown":{"arn":true,"id":true,"owner_id":true,"tags":{},"tags_all":{},"vpc_id":true},"before_sensitive":false,"after_sensitive":{"tags":{},"tags_all":{}}}},{"address":"module.vpc.aws_route_table.private[0]","module_address":"module.vpc","mode":"managed","type":"aws_route_table","name":"private","index":0,"provider_name":"registry.terraform.io/hashicorp/aws","change":{"actions":["create"],"before":null,"after":{"region":"ap-southeast-1","tags":{"Environment":"dev","ManagedBy":"Terraform","Name":"dev-private-rt-a","Owner":"dev-team","Project":"demo"},"tags_all":{"Environment":"dev","ManagedBy":"Terraform","Name":"dev-private-rt-a","Owner":"dev-team","Project":"demo"},"timeouts":null},"after_unknown":{"arn":true,"id":true,"owner_id":true,"propagating_vgws":true,"route":true,"tags":{},"tags_all":{},"vpc_id":true},"before_sensitive":false,"after_sensitive":{"propagating_vgws":[],"route":[],"tags":{},"tags_all":{}},"after_identity":{"account_id":null,"id":null,"region":null}}},{"address":"module.vpc.aws_route_table.public","module_address":"module.vpc","mode":"managed","type":"aws_route_table","name":"public","provider_name":"registry.terraform.io/hashicorp/aws","change":{"actions":["create"],"before":null,"after":{"region":"ap-southeast-1","route":[{"carrier_gateway_id":"","cidr_block":"0.0.0.0/0","core_network_arn":"","destination_prefix_list_id":"","egress_only_gateway_id":"","ipv6_cidr_block":"","local_gateway_id":"","nat_gateway_id":"","network_interface_id":"","transit_gateway_id":"","vpc_endpoint_id":"","vpc_peering_connection_id":""}],"tags":{"Environment":"dev","ManagedBy":"Terraform","Name":"dev-public-rt","Owner":"dev-team","Project":"demo"},"tags_all":{"Environment":"dev","ManagedBy":"Terraform","Name":"dev-public-rt","Owner":"dev-team","Project":"demo"},"timeouts":null},"after_unknown":{"arn":true,"id":true,"owner_id":true,"propagating_vgws":true,"route":[{"gateway_id":true}],"tags":{},"tags_all":{},"vpc_id":true},"before_sensitive":false,"after_sensitive":{"propagating_vgws":[],"route":[{}],"tags":{},"tags_all":{}},"after_identity":{"account_id":null,"id":null,"region":null}}},{"address":"module.vpc.aws_route_table_association.private[0]","module_address":"module.vpc","mode":"managed","type":"aws_route_table_association","name":"private","index":0,"provider_name":"registry.terraform.io/hashicorp/aws","change":{"actions":["create"],"before":null,"after":{"gateway_id":null,"region":"ap-southeast-1","timeouts":null},"after_unknown":{"id":true,"route_table_id":true,"subnet_id":true},"before_sensitive":false,"after_sensitive":{}}},{"address":"module.vpc.aws_route_table_association.public[0]","module_address":"module.vpc","mode":"managed","type":"aws_route_table_association","name":"public","index":0,"provider_name":"registry.terraform.io/hashicorp/aws","change":{"actions":["create"],"before":null,"after":{"gateway_id":null,"region":"ap-southeast-1","timeouts":null},"after_unknown":{"id":true,"route_table_id":true,"subnet_id":true},"before_sensitive":false,"after_sensitive":{}}},{"address":"module.vpc.aws_subnet.private[0]","module_address":"module.vpc","mode":"managed","type":"aws_subnet","name":"private","index":0,"provider_name":"registry.terraform.io/hashicorp/aws","change":{"actions":["create"],"before":null,"after":{"assign_ipv6_address_on_creation":false,"availability_zone":"ap-southeast-1a","cidr_block":"10.0.10.0/24","customer_owned_ipv4_pool":null,"enable_dns64":false,"enable_lni_at_device_index":null,"enable_resource_name_dns_a_record_on_launch":false,"enable_resource_name_dns_aaaa_record_on_launch":false,"ipv6_cidr_block":null,"ipv6_native":false,"map_customer_owned_ip_on_launch":null,"map_public_ip_on_launch":false,"outpost_arn":null,"region":"ap-southeast-1","tags":{"Environment":"dev","ManagedBy":"Terraform","Name":"dev-private-a","Owner":"dev-team","Project":"demo","Type":"Private"},"tags_all":{"Environment":"dev","ManagedBy":"Terraform","Name":"dev-private-a","Owner":"dev-team","Project":"demo","Type":"Private"},"timeouts":null},"after_unknown":{"arn":true,"availability_zone_id":true,"id":true,"ipv6_cidr_block_association_id":true,"owner_id":true,"private_dns_hostname_type_on_launch":true,"tags":{},"tags_all":{},"vpc_id":true},"before_sensitive":false,"after_sensitive":{"tags":{},"tags_all":{}},"after_identity":{"account_id":null,"id":null,"region":null}}},{"address":"module.vpc.aws_subnet.public[0]","module_address":"module.vpc","mode":"managed","type":"aws_subnet","name":"public","index":0,"provider_name":"registry.terraform.io/hashicorp/aws","change":{"actions":["create"],"before":null,"after":{"assign_ipv6_address_on_creation":false,"availability_zone":"ap-southeast-1a","cidr_block":"10.0.1.0/24","customer_owned_ipv4_pool":null,"enable_dns64":false,"enable_lni_at_device_index":null,"enable_resource_name_dns_a_record_on_launch":false,"enable_resource_name_dns_aaaa_record_on_launch":false,"ipv6_cidr_block":null,"ipv6_native":false,"map_customer_owned_ip_on_launch":null,"map_public_ip_on_launch":true,"outpost_arn":null,"region":"ap-southeast-1","tags":{"Environment":"dev","ManagedBy":"Terraform","Name":"dev-public-a","Owner":"dev-team","Project":"demo","Type":"Public"},"tags_all":{"Environment":"dev","ManagedBy":"Terraform","Name":"dev-public-a","Owner":"dev-team","Project":"demo","Type":"Public"},"timeouts":null},"after_unknown":{"arn":true,"availability_zone_id":true,"id":true,"ipv6_cidr_block_association_id":true,"owner_id":true,"private_dns_hostname_type_on_launch":true,"tags":{},"tags_all":{},"vpc_id":true},"before_sensitive":false,"after_sensitive":{"tags":{},"tags_all":{}},"after_identity":{"account_id":null,"id":null,"region":null}}},{"address":"module.vpc.aws_vpc.main","module_address":"module.vpc","mode":"managed","type":"aws_vpc","name":"main","provider_name":"registry.terraform.io/hashicorp/aws","change":{"actions":["create"],"before":null,"after":{"assign_generated_ipv6_cidr_block":null,"cidr_block":"10.0.0.0/16","enable_dns_hostnames":true,"enable_dns_support":true,"instance_tenancy":"default","ipv4_ipam_pool_id":null,"ipv4_netmask_length":null,"ipv6_ipam_pool_id":null,"ipv6_netmask_length":null,"region":"ap-southeast-1","tags":{"Environment":"dev","ManagedBy":"Terraform","Name":"dev-vpc","Owner":"dev-team","Project":"demo"},"tags_all":{"Environment":"dev","ManagedBy":"Terraform","Name":"dev-vpc","Owner":"dev-team","Project":"demo"}},"after_unknown":{"arn":true,"default_network_acl_id":true,"default_route_table_id":true,"default_security_group_id":true,"dhcp_options_id":true,"enable_network_address_usage_metrics":true,"id":true,"ipv6_association_id":true,"ipv6_cidr_block":true,"ipv6_cidr_block_network_border_group":true,"main_route_table_id":true,"owner_id":true,"tags":{},"tags_all":{}},"before_sensitive":false,"after_sensitive":{"tags":{},"tags_all":{}},"after_identity":{"account_id":null,"id":null,"region":null}}}],"output_changes":{"control_plane_instance_id":{"actions":["create"],"before":null,"after_unknown":true,"before_sensitive":false,"after_sensitive":false},"control_plane_private_ip":{"actions":["create"],"before":null,"after_unknown":true,"before_sensitive":false,"after_sensitive":false},"control_plane_public_dns":{"actions":["create"],"before":null,"after_unknown":true,"before_sensitive":false,"after_sensitive":false},"control_plane_public_ip":{"actions":["create"],"before":null,"after_unknown":true,"before_sensitive":false,"after_sensitive":false},"eks_cluster_arn":{"actions":["create"],"before":null,"after_unknown":true,"before_sensitive":false,"after_sensitive":false},"eks_cluster_certificate_authority_data":{"actions":["create"],"before":null,"after_unknown":true,"before_sensitive":false,"after_sensitive":false},"eks_cluster_endpoint":{"actions":["create"],"before":null,"after_unknown":true,"before_sensitive":false,"after_sensitive":false},"eks_cluster_id":{"actions":["create"],"before":null,"after_unknown":true,"before_sensitive":false,"after_sensitive":false},"eks_cluster_name":{"actions":["create"],"before":null,"after":"dev-eks-cluster","after_unknown":false,"before_sensitive":false,"after_sensitive":false},"eks_cluster_version":{"actions":["create"],"before":null,"after":"1.28","after_unknown":false,"before_sensitive":false,"after_sensitive":false},"eks_control_plane_instance_profile_name":{"actions":["create"],"before":null,"after":"dev-eks-control-plane-profile","after_unknown":false,"before_sensitive":false,"after_sensitive":false},"eks_control_plane_role_arn":{"actions":["create"],"before":null,"after_unknown":true,"before_sensitive":false,"after_sensitive":false},"internet_gateway_id":{"actions":["create"],"before":null,"after_unknown":true,"before_sensitive":false,"after_sensitive":false},"key_pair_name":{"actions":["create"],"before":null,"after":"dev-eks-control-plane-key","after_unknown":false,"before_sensitive":false,"after_sensitive":false},"private_subnet_ids":{"actions":["create"],"before":null,"after":[null],"after_unknown":[true],"before_sensitive":false,"after_sensitive":false},"public_subnet_ids":{"actions":["create"],"before":null,"after":[null],"after_unknown":[true],"before_sensitive":false,"after_sensitive":false},"ssh_connection_command":{"actions":["create"],"before":null,"after_unknown":true,"before_sensitive":false,"after_sensitive":false},"vpc_cidr_block":{"actions":["create"],"before":null,"after":"10.0.0.0/16","after_unknown":false,"before_sensitive":false,"after_sensitive":false},"vpc_id":{"actions":["create"],"before":null,"after_unknown":true,"before_sensitive":false,"after_sensitive":false}},"prior_state":{"format_version":"1.0","terraform_version":"1.13.3","values":{"outputs":{"eks_cluster_name":{"sensitive":false,"value":"dev-eks-cluster","type":"string"},"eks_cluster_version":{"sensitive":false,"value":"1.28","type":"string"},"eks_control_plane_instance_profile_name":{"sensitive":false,"value":"dev-eks-control-plane-profile","type":"string"},"key_pair_name":{"sensitive":false,"value":"dev-eks-control-plane-key","type":"string"},"vpc_cidr_block":{"sensitive":false,"value":"10.0.0.0/16","type":"string"}},"root_module":{"child_modules":[{"resources":[{"address":"module.ec2_control_plane.data.aws_ami.ubuntu_22_04_lts","mode":"data","type":"aws_ami","name":"ubuntu_22_04_lts","provider_name":"registry.terraform.io/hashicorp/aws","schema_version":0,"values":{"allow_unsafe_filter":null,"architecture":"x86_64","arn":"arn:aws:ec2:ap-southeast-1::image/ami-0827b3068f1548bf6","block_device_mappings":[{"device_name":"/dev/sda1","ebs":{"delete_on_termination":"true","encrypted":"false","iops":"0","snapshot_id":"snap-08b877539a3882387","throughput":"0","volume_initialization_rate":"0","volume_size":"8","volume_type":"gp2"},"no_device":"","virtual_name":""},{"device_name":"/dev/sdb","ebs":{},"no_device":"","virtual_name":"ephemeral0"},{"device_name":"/dev/sdc","ebs":{},"no_device":"","virtual_name":"ephemeral1"}],"boot_mode":"uefi-preferred","creation_date":"2025-10-15T08:05:44.000Z","deprecation_time":"2027-10-15T08:05:44.000Z","description":"Canonical, Ubuntu, 22.04, amd64 jammy image","ena_support":true,"executable_users":null,"filter":[{"name":"name","values":["ubuntu/images/hvm-ssd/ubuntu-jammy-22.04-amd64-server-*"]},{"name":"virtualization-type","values":["hvm"]}],"hypervisor":"xen","id":"ami-0827b3068f1548bf6","image_id":"ami-0827b3068f1548bf6","image_location":"amazon/ubuntu/images/hvm-ssd/ubuntu-jammy-22.04-amd64-server-20251015","image_owner_alias":"amazon","image_type":"machine","imds_support":"","include_deprecated":false,"kernel_id":"","last_launched_time":"","most_recent":true,"name":"ubuntu/images/hvm-ssd/ubuntu-jammy-22.04-amd64-server-20251015","name_regex":null,"owner_id":"099720109477","owners":["099720109477"],"platform":"","platform_details":"Linux/UNIX","product_codes":[],"public":true,"ramdisk_id":"","region":"ap-southeast-1","root_device_name":"/dev/sda1","root_device_type":"ebs","root_snapshot_id":"snap-08b877539a3882387","sriov_net_support":"simple","state":"available","state_reason":{"code":"UNSET","message":"UNSET"},"tags":{},"timeouts":null,"tpm_support":"","uefi_data":null,"usage_operation":"RunInstances","virtualization_type":"hvm"},"sensitive_values":{"block_device_mappings":[{"ebs":{}},{"ebs":{}},{"ebs":{}}],"filter":[{"values":[false]},{"values":[false]}],"owners":[false],"product_codes":[],"state_reason":{},"tags":{}}}],"address":"module.ec2_control_plane"}]}}},"configuration":{"provider_config":{"aws":{"name":"aws","full_name":"registry.terraform.io/hashicorp/aws","version_constraint":"\u003e= 5.0.0","expressions":{"default_tags":[{"tags":{"references":["var.project_name","var.owner"]}}],"region":{"references":["var.aws_region"]}}}},"root_module":{"outputs":{"control_plane_instance_id":{"expression":{"references":["module.ec2_control_plane.instance_id","module.ec2_control_plane"]},"description":"ID of the EC2 control plane instance"},"control_plane_private_ip":{"expression":{"references":["module.ec2_control_plane.instance_private_ip","module.ec2_control_plane"]},"description":"Private IP address of the EC2 control plane instance"},"control_plane_public_dns":{"expression":{"references":["module.ec2_control_plane.instance_public_dns","module.ec2_control_plane"]},"description":"Public DNS name of the EC2 control plane instance"},"control_plane_public_ip":{"expression":{"references":["module.ec2_control_plane.instance_public_ip","module.ec2_control_plane"]},"description":"Public IP address of the EC2 control plane instance"},"eks_cluster_arn":{"expression":{"references":["module.eks.cluster_arn","module.eks"]},"description":"EKS cluster ARN"},"eks_cluster_certificate_authority_data":{"expression":{"references":["module.eks.cluster_certificate_authority_data","module.eks"]},"description":"Base64 encoded certificate data required to communicate with the cluster"},"eks_cluster_endpoint":{"expression":{"references":["module.eks.cluster_endpoint","module.eks"]},"description":"Endpoint for EKS control plane"},"eks_cluster_id":{"expression":{"references":["module.eks.cluster_id","module.eks"]},"description":"EKS cluster ID"},"eks_cluster_name":{"expression":{"references":["module.eks.cluster_name","module.eks"]},"description":"EKS cluster name"},"eks_cluster_version":{"expression":{"references":["module.eks.cluster_version","module.eks"]},"description":"EKS cluster version"},"eks_control_plane_instance_profile_name":{"expression":{"references":["module.iam.eks_control_plane_instance_profile_name","module.iam"]},"description":"Name of the EKS control plane instance profile"},"eks_control_plane_role_arn":{"expression":{"references":["module.iam.eks_control_plane_role_arn","module.iam"]},"description":"ARN of the EKS control plane IAM role"},"internet_gateway_id":{"expression":{"references":["module.vpc.internet_gateway_id","module.vpc"]},"description":"ID of the Internet Gateway"},"key_pair_name":{"expression":{"references":["module.keypair.key_name","module.keypair"]},"description":"Name of the AWS key pair"},"private_subnet_ids":{"expression":{"references":["module.vpc.private_subnet_ids","module.vpc"]},"description":"IDs of the private subnets"},"public_subnet_ids":{"expression":{"references":["module.vpc.public_subnet_ids","module.vpc"]},"description":"IDs of the public subnets"},"ssh_connection_command":{"expression":{"references":["module.ec2_control_plane.instance_public_ip","module.ec2_control_plane"]},"description":"SSH command to connect to the EKS control plane EC2 instance"},"vpc_cidr_block":{"expression":{"references":["module.vpc.vpc_cidr_block","module.vpc"]},"description":"CIDR block of the VPC"},"vpc_id":{"expression":{"references":["module.vpc.vpc_id","module.vpc"]},"description":"ID of the VPC"}},"module_calls":{"ec2_control_plane":{"source":"../../modules/ec2","expressions":{"allowed_ssh_cidrs":{"references":["var.allowed_ssh_cidrs"]},"ami_type":{"references":["var.ami_type"]},"aws_region":{"references":["var.aws_region"]},"eks_cluster_name":{"references":["module.eks.cluster_name","module.eks"]},"environment":{"constant_value":"dev"},"iam_instance_profile_name":{"references":["module.iam.eks_control_plane_instance_profile_name","module.iam"]},"instance_type":{"references":["var.control_plane_instance_type"]},"key_name":{"references":["module.keypair.key_name","module.keypair"]},"subnet_id":{"references":["module.vpc.public_subnet_ids[0]","module.vpc.public_subnet_ids","module.vpc"]},"tags":{"references":["local.common_tags"]},"volume_size":{"references":["var.control_plane_volume_size"]},"vpc_id":{"references":["module.vpc.vpc_id","module.vpc"]}},"module":{"outputs":{"instance_id":{"expression":{"references":["aws_instance.eks_control_plane.id","aws_instance.eks_control_plane"]},"description":"ID of the EC2 instance"},"instance_private_dns":{"expression":{"references":["aws_instance.eks_control_plane.private_dns","aws_instance.eks_control_plane"]},"description":"Private DNS name of the EC2 instance"},"instance_private_ip":{"expression":{"references":["aws_instance.eks_control_plane.private_ip","aws_instance.eks_control_plane"]},"description":"Private IP address of the EC2 instance"},"instance_public_dns":{"expression":{"references":["aws_instance.eks_control_plane.public_dns","aws_instance.eks_control_plane"]},"description":"Public DNS name of the EC2 instance"},"instance_public_ip":{"expression":{"references":["aws_instance.eks_control_plane.public_ip","aws_instance.eks_control_plane"]},"description":"Public IP address of the EC2 instance"},"security_group_id":{"expression":{"references":["aws_security_group.eks_control_plane.id","aws_security_group.eks_control_plane"]},"description":"ID of the security group"},"ssh_connection_command":{"expression":{"references":["var.key_name","aws_instance.eks_control_plane.public_ip","aws_instance.eks_control_plane"]},"description":"SSH command to connect to the EC2 instance"}},"resources":[{"address":"aws_instance.eks_control_plane","mode":"managed","type":"aws_instance","name":"eks_control_plane","provider_config_key":"aws","expressions":{"ami":{"references":["local.selected_ami_id"]},"iam_instance_profile":{"references":["var.iam_instance_profile_name"]},"instance_type":{"references":["var.instance_type"]},"key_name":{"references":["var.key_name"]},"root_block_device":[{"encrypted":{"constant_value":true},"volume_size":{"references":["var.volume_size"]},"volume_type":{"constant_value":"gp3"}}],"subnet_id":{"references":["var.subnet_id"]},"tags":{"references":["var.tags","var.environment"]},"user_data_base64":{"references":["local.user_data"]},"vpc_security_group_ids":{"references":["aws_security_group.eks_control_plane.id","aws_security_group.eks_control_plane"]}},"schema_version":2},{"address":"aws_security_group.eks_control_plane","mode":"managed","type":"aws_security_group","name":"eks_control_plane","provider_config_key":"aws","expressions":{"description":{"constant_value":"Security group for EKS control plane EC2 instance"},"egress":{"constant_value":[{"cidr_blocks":["0.0.0.0/0"],"description":"All outbound traffic","from_port":0,"ipv6_cidr_blocks":null,"prefix_list_ids":null,"protocol":"-1","security_groups":null,"self":null,"to_port":0}]},"ingress":{"references":["var.allowed_ssh_cidrs","var.allowed_ssh_cidrs","var.allowed_ssh_cidrs"]},"name_prefix":{"references":["var.environment"]},"tags":{"references":["var.tags","var.environment"]},"vpc_id":{"references":["var.vpc_id"]}},"schema_version":1},{"address":"data.aws_ami.ubuntu_22_04_lts","mode":"data","type":"aws_ami","name":"ubuntu_22_04_lts","provider_config_key":"aws","expressions":{"filter":[{"name":{"constant_value":"name"},"values":{"constant_value":["ubuntu/images/hvm-ssd/ubuntu-jammy-22.04-amd64-server-*"]}},{"name":{"constant_value":"virtualization-type"},"values":{"constant_value":["hvm"]}}],"most_recent":{"constant_value":true},"owners":{"constant_value":["099720109477"]}},"schema_version":0}],"variables":{"allowed_ssh_cidrs":{"default":["0.0.0.0/0"],"description":"CIDR blocks allowed to SSH to EC2 instance"},"ami_type":{"default":"ubuntu_22_04_lts","description":"Type of AMI to use for EC2 instance"},"aws_region":{"description":"AWS region"},"eks_cluster_name":{"description":"Name of the EKS cluster to manage"},"environment":{"description":"Environment name"},"iam_instance_profile_name":{"description":"IAM instance profile name for EC2 instance"},"instance_type":{"default":"t3.medium","description":"EC2 instance type"},"key_name":{"description":"Name of the AWS key pair"},"subnet_id":{"description":"Subnet ID where EC2 instance will be created"},"tags":{"default":{},"description":"Common tags to apply to all resources"},"volume_size":{"default":20,"description":"Size of the root volume in GB"},"vpc_id":{"description":"VPC ID where EC2 instance will be created"}}}},"eks":{"source":"../../modules/eks","expressions":{"allowed_cidr_blocks":{"references":["var.allowed_ssh_cidrs"]},"capacity_type":{"references":["var.capacity_type"]},"environment":{"constant_value":"dev"},"kubernetes_version":{"references":["var.kubernetes_version"]},"node_desired_size":{"references":["var.node_desired_size"]},"node_disk_size":{"references":["var.node_disk_size"]},"node_instance_types":{"references":["var.node_instance_types"]},"node_max_size":{"references":["var.node_max_size"]},"node_min_size":{"references":["var.node_min_size"]},"private_subnet_ids":{"references":["module.vpc.private_subnet_ids","module.vpc"]},"tags":{"references":["local.common_tags"]},"vpc_id":{"references":["module.vpc.vpc_id","module.vpc"]}},"module":{"outputs":{"cluster_arn":{"expression":{"references":["aws_eks_cluster.main.arn","aws_eks_cluster.main"]},"description":"EKS cluster ARN"},"cluster_certificate_authority_data":{"expression":{"references":["aws_eks_cluster.main.certificate_authority[0].data","aws_eks_cluster.main.certificate_authority[0]","aws_eks_cluster.main.certificate_authority","aws_eks_cluster.main"]},"description":"Base64 encoded certificate data required to communicate with the cluster"},"cluster_endpoint":{"expression":{"references":["aws_eks_cluster.main.endpoint","aws_eks_cluster.main"]},"description":"Endpoint for EKS control plane"},"cluster_iam_role_name":{"expression":{"references":["aws_eks_cluster.main.role_arn","aws_eks_cluster.main"]},"description":"IAM role name associated with EKS cluster"},"cluster_id":{"expression":{"references":["aws_eks_cluster.main.id","aws_eks_cluster.main"]},"description":"EKS cluster ID"},"cluster_name":{"expression":{"references":["aws_eks_cluster.main.name","aws_eks_cluster.main"]},"description":"EKS cluster name"},"cluster_security_group_id":{"expression":{"references":["aws_eks_cluster.main.vpc_config[0].cluster_security_group_id","aws_eks_cluster.main.vpc_config[0]","aws_eks_cluster.main.vpc_config","aws_eks_cluster.main"]},"description":"Security group ids attached to the cluster control plane"},"cluster_version":{"expression":{"references":["aws_eks_cluster.main.version","aws_eks_cluster.main"]},"description":"EKS cluster version"},"node_group_arn":{"expression":{"references":["aws_eks_node_group.main.arn","aws_eks_node_group.main"]},"description":"EKS node group ARN"},"node_group_status":{"expression":{"references":["aws_eks_node_group.main.status","aws_eks_node_group.main"]},"description":"EKS node group status"}},"resources":[{"address":"aws_cloudwatch_log_group.eks_cluster","mode":"managed","type":"aws_cloudwatch_log_group","name":"eks_cluster","provider_config_key":"aws","expressions":{"name":{"references":["var.environment"]},"retention_in_days":{"constant_value":7},"tags":{"references":["var.tags","var.environment"]}},"schema_version":0},{"address":"aws_eks_cluster.main","mode":"managed","type":"aws_eks_cluster","name":"main","provider_config_key":"aws","expressions":{"name":{"references":["var.environment"]},"role_arn":{"references":["aws_iam_role.eks_cluster_role.arn","aws_iam_role.eks_cluster_role"]},"tags":{"references":["var.tags","var.environment"]},"version":{"references":["var.kubernetes_version"]},"vpc_config":[{"endpoint_private_access":{"constant_value":true},"endpoint_public_access":{"constant_value":true},"public_access_cidrs":{"references":["var.allowed_cidr_blocks"]},"security_group_ids":{"references":["aws_security_group.eks_cluster.id","aws_security_group.eks_cluster"]},"subnet_ids":{"references":["var.private_subnet_ids"]}}]},"schema_version":1,"depends_on":["aws_iam_role_policy_attachment.eks_cluster_policy","aws_cloudwatch_log_group.eks_cluster"]},{"address":"aws_eks_node_group.main","mode":"managed","type":"aws_eks_node_group","name":"main","provider_config_key":"aws","expressions":{"capacity_type":{"references":["var.capacity_type"]},"cluster_name":{"references":["aws_eks_cluster.main.name","aws_eks_cluster.main"]},"disk_size":{"references":["var.node_disk_size"]},"instance_types":{"references":["var.node_instance_types"]},"node_group_name":{"references":["var.environment"]},"node_role_arn":{"references":["aws_iam_role.eks_node_group_role.arn","aws_iam_role.eks_node_group_role"]},"scaling_config":[{"desired_size":{"references":["var.node_desired_size"]},"max_size":{"references":["var.node_max_size"]},"min_size":{"references":["var.node_min_size"]}}],"subnet_ids":{"references":["var.private_subnet_ids"]},"tags":{"references":["var.tags","var.environment"]},"update_config":[{"max_unavailable_percentage":{"constant_value":25}}]},"schema_version":0,"depends_on":["aws_iam_role_policy_attachment.eks_worker_node_policy","aws_iam_role_policy_attachment.eks_cni_policy","aws_iam_role_policy_attachment.eks_container_registry_policy"]},{"address":"aws_iam_role.eks_cluster_role","mode":"managed","type":"aws_iam_role","name":"eks_cluster_role","provider_config_key":"aws","expressions":{"assume_role_policy":{},"name":{"references":["var.environment"]},"tags":{"references":["var.tags","var.environment"]}},"schema_version":0},{"address":"aws_iam_role.eks_node_group_role","mode":"managed","type":"aws_iam_role","name":"eks_node_group_role","provider_config_key":"aws","expressions":{"assume_role_policy":{},"name":{"references":["var.environment"]},"tags":{"references":["var.tags","var.environment"]}},"schema_version":0},{"address":"aws_iam_role_policy_attachment.eks_cluster_policy","mode":"managed","type":"aws_iam_role_policy_attachment","name":"eks_cluster_policy","provider_config_key":"aws","expressions":{"policy_arn":{"constant_value":"arn:aws:iam::aws:policy/AmazonEKSClusterPolicy"},"role":{"references":["aws_iam_role.eks_cluster_role.name","aws_iam_role.eks_cluster_role"]}},"schema_version":0},{"address":"aws_iam_role_policy_attachment.eks_cni_policy","mode":"managed","type":"aws_iam_role_policy_attachment","name":"eks_cni_policy","provider_config_key":"aws","expressions":{"policy_arn":{"constant_value":"arn:aws:iam::aws:policy/AmazonEKS_CNI_Policy"},"role":{"references":["aws_iam_role.eks_node_group_role.name","aws_iam_role.eks_node_group_role"]}},"schema_version":0},{"address":"aws_iam_role_policy_attachment.eks_container_registry_policy","mode":"managed","type":"aws_iam_role_policy_attachment","name":"eks_container_registry_policy","provider_config_key":"aws","expressions":{"policy_arn":{"constant_value":"arn:aws:iam::aws:policy/AmazonEC2ContainerRegistryReadOnly"},"role":{"references":["aws_iam_role.eks_node_group_role.name","aws_iam_role.eks_node_group_role"]}},"schema_version":0},{"address":"aws_iam_role_policy_attachment.eks_worker_node_policy","mode":"managed","type":"aws_iam_role_policy_attachment","name":"eks_worker_node_policy","provider_config_key":"aws","expressions":{"policy_arn":{"constant_value":"arn:aws:iam::aws:policy/AmazonEKSWorkerNodePolicy"},"role":{"references":["aws_iam_role.eks_node_group_role.name","aws_iam_role.eks_node_group_role"]}},"schema_version":0},{"address":"aws_security_group.eks_cluster","mode":"managed","type":"aws_security_group","name":"eks_cluster","provider_config_key":"aws","expressions":{"egress":{"constant_value":[{"cidr_blocks":["0.0.0.0/0"],"description":null,"from_port":0,"ipv6_cidr_blocks":null,"prefix_list_ids":null,"protocol":"-1","security_groups":null,"self":null,"to_port":0}]},"name_prefix":{"references":["var.environment"]},"tags":{"references":["var.tags","var.environment"]},"vpc_id":{"references":["var.vpc_id"]}},"schema_version":1},{"address":"aws_security_group.eks_nodes","mode":"managed","type":"aws_security_group","name":"eks_nodes","provider_config_key":"aws","expressions":{"egress":{"constant_value":[{"cidr_blocks":["0.0.0.0/0"],"description":null,"from_port":0,"ipv6_cidr_blocks":null,"prefix_list_ids":null,"protocol":"-1","security_groups":null,"self":null,"to_port":0}]},"ingress":{"references":["aws_security_group.eks_cluster.id","aws_security_group.eks_cluster"]},"name_prefix":{"references":["var.environment"]},"tags":{"references":["var.tags","var.environment"]},"vpc_id":{"references":["var.vpc_id"]}},"schema_version":1}],"variables":{"allowed_cidr_blocks":{"default":["0.0.0.0/0"],"description":"CIDR blocks allowed to access EKS API server"},"capacity_type":{"default":"SPOT","description":"Capacity type for EKS nodes (ON_DEMAND or SPOT)"},"environment":{"description":"Environment name"},"kubernetes_version":{"default":"1.28","description":"Kubernetes version for EKS cluster"},"node_desired_size":{"default":1,"description":"Desired number of nodes in the node group"},"node_disk_size":{"default":20,"description":"Disk size for EKS nodes in GB"},"node_instance_types":{"default":["t3.medium"],"description":"Instance types for EKS nodes"},"node_max_size":{"default":2,"description":"Maximum number of nodes in the node group"},"node_min_size":{"default":1,"description":"Minimum number of nodes in the node group"},"private_subnet_ids":{"description":"List of private subnet IDs for EKS cluster"},"tags":{"default":{},"description":"Common tags to apply to all resources"},"vpc_id":{"description":"VPC ID where EKS cluster will be created"}}}},"iam":{"source":"../../modules/iam","expressions":{"environment":{"constant_value":"dev"},"tags":{"references":["local.common_tags"]}},"module":{"outputs":{"eks_control_plane_instance_profile_arn":{"expression":{"references":["aws_iam_instance_profile.eks_control_plane_profile.arn","aws_iam_instance_profile.eks_control_plane_profile"]},"description":"ARN of the EKS control plane instance profile"},"eks_control_plane_instance_profile_name":{"expression":{"references":["aws_iam_instance_profile.eks_control_plane_profile.name","aws_iam_instance_profile.eks_control_plane_profile"]},"description":"Name of the EKS control plane instance profile"},"eks_control_plane_role_arn":{"expression":{"references":["aws_iam_role.eks_control_plane.arn","aws_iam_role.eks_control_plane"]},"description":"ARN of the EKS control plane IAM role"},"eks_control_plane_role_name":{"expression":{"references":["aws_iam_role.eks_control_plane.name","aws_iam_role.eks_control_plane"]},"description":"Name of the EKS control plane IAM role"}},"resources":[{"address":"aws_iam_instance_profile.eks_control_plane_profile","mode":"managed","type":"aws_iam_instance_profile","name":"eks_control_plane_profile","provider_config_key":"aws","expressions":{"name":{"references":["var.environment"]},"role":{"references":["aws_iam_role.eks_control_plane.name","aws_iam_role.eks_control_plane"]},"tags":{"references":["var.tags","var.environment"]}},"schema_version":0},{"address":"aws_iam_policy.eks_control_plane_policy","mode":"managed","type":"aws_iam_policy","name":"eks_control_plane_policy","provider_config_key":"aws","expressions":{"description":{"constant_value":"Policy for EC2 instance to manage EKS cluster"},"name":{"references":["var.environment"]},"policy":{},"tags":{"references":["var.tags","var.environment"]}},"schema_version":0},{"address":"aws_iam_role.eks_control_plane","mode":"managed","type":"aws_iam_role","name":"eks_control_plane","provider_config_key":"aws","expressions":{"assume_role_policy":{},"name":{"references":["var.environment"]},"tags":{"references":["var.tags","var.environment"]}},"schema_version":0},{"address":"aws_iam_role_policy_attachment.eks_control_plane_ec2_policy","mode":"managed","type":"aws_iam_role_policy_attachment","name":"eks_control_plane_ec2_policy","provider_config_key":"aws","expressions":{"policy_arn":{"constant_value":"arn:aws:iam::aws:policy/AmazonEC2FullAccess"},"role":{"references":["aws_iam_role.eks_control_plane.name","aws_iam_role.eks_control_plane"]}},"schema_version":0},{"address":"aws_iam_role_policy_attachment.eks_control_plane_policy_attachment","mode":"managed","type":"aws_iam_role_policy_attachment","name":"eks_control_plane_policy_attachment","provider_config_key":"aws","expressions":{"policy_arn":{"references":["aws_iam_policy.eks_control_plane_policy.arn","aws_iam_policy.eks_control_plane_policy"]},"role":{"references":["aws_iam_role.eks_control_plane.name","aws_iam_role.eks_control_plane"]}},"schema_version":0}],"variables":{"environment":{"description":"Environment name"},"tags":{"default":{},"description":"Common tags to apply to all resources"}}}},"keypair":{"source":"../../modules/keypair","expressions":{"environment":{"constant_value":"dev"},"public_key":{"references":["path.module"]},"tags":{"references":["local.common_tags"]}},"module":{"outputs":{"key_name":{"expression":{"references":["aws_key_pair.eks_control_plane.key_name","aws_key_pair.eks_control_plane"]},"description":"Name of the AWS key pair"},"key_pair_id":{"expression":{"references":["aws_key_pair.eks_control_plane.key_pair_id","aws_key_pair.eks_control_plane"]},"description":"ID of the AWS key pair"}},"resources":[{"address":"aws_key_pair.eks_control_plane","mode":"managed","type":"aws_key_pair","name":"eks_control_plane","provider_config_key":"aws","expressions":{"key_name":{"references":["var.environment"]},"public_key":{"references":["var.public_key"]},"tags":{"references":["var.tags","var.environment"]}},"schema_version":1}],"variables":{"environment":{"description":"Environment name"},"public_key":{"description":"Public key content for SSH access"},"tags":{"default":{},"description":"Common tags to apply to all resources"}}}},"vpc":{"source":"../../modules/vpc","expressions":{"availability_zones":{"references":["var.availability_zones"]},"enable_nat_gateway":{"references":["var.enable_nat_gateway"]},"environment":{"constant_value":"dev"},"private_subnet_cidrs":{"references":["var.private_subnet_cidrs"]},"public_subnet_cidrs":{"references":["var.public_subnet_cidrs"]},"tags":{"references":["local.common_tags"]},"vpc_cidr":{"references":["var.vpc_cidr"]}},"module":{"outputs":{"internet_gateway_id":{"expression":{"references":["aws_internet_gateway.igw.id","aws_internet_gateway.igw"]},"description":"ID of the Internet Gateway"},"nat_gateway_ids":{"expression":{"references":["aws_nat_gateway.nat"]},"description":"IDs of the NAT Gateways"},"nat_gateway_public_ips":{"expression":{"references":["aws_eip.nat"]},"description":"Public IPs of the NAT Gateways"},"private_route_table_ids":{"expression":{"references":["aws_route_table.private"]},"description":"IDs of the private route tables"},"private_subnet_cidrs":{"expression":{"references":["aws_subnet.private"]},"description":"CIDR blocks of the private subnets"},"private_subnet_ids":{"expression":{"references":["aws_subnet.private"]},"description":"IDs of the private subnets"},"public_route_table_id":{"expression":{"references":["aws_route_table.public.id","aws_route_table.public"]},"description":"ID of the public route table"},"public_subnet_cidrs":{"expression":{"references":["aws_subnet.public"]},"description":"CIDR blocks of the public subnets"},"public_subnet_ids":{"expression":{"references":["aws_subnet.public"]},"description":"IDs of the public subnets"},"vpc_cidr_block":{"expression":{"references":["aws_vpc.main.cidr_block","aws_vpc.main"]},"description":"CIDR block of the VPC"},"vpc_id":{"expression":{"references":["aws_vpc.main.id","aws_vpc.main"]},"description":"ID of the VPC"}},"resources":[{"address":"aws_eip.nat","mode":"managed","type":"aws_eip","name":"nat","provider_config_key":"aws","expressions":{"domain":{"constant_value":"vpc"},"tags":{"references":["var.tags","var.environment","var.availability_zones","count.index"]}},"schema_version":0,"count_expression":{"references":["var.enable_nat_gateway","var.public_subnet_cidrs"]},"depends_on":["aws_internet_gateway.igw"]},{"address":"aws_internet_gateway.igw","mode":"managed","type":"aws_internet_gateway","name":"igw","provider_config_key":"aws","expressions":{"tags":{"references":["var.tags","var.environment"]},"vpc_id":{"references":["aws_vpc.main.id","aws_vpc.main"]}},"schema_version":0},{"address":"aws_nat_gateway.nat","mode":"managed","type":"aws_nat_gateway","name":"nat","provider_config_key":"aws","expressions":{"allocation_id":{"references":["aws_eip.nat","count.index"]},"subnet_id":{"references":["aws_subnet.public","count.index"]},"tags":{"references":["var.tags","var.environment","var.availability_zones","count.index"]}},"schema_version":0,"count_expression":{"references":["var.enable_nat_gateway","var.public_subnet_cidrs"]},"depends_on":["aws_internet_gateway.igw"]},{"address":"aws_route.private_nat","mode":"managed","type":"aws_route","name":"private_nat","provider_config_key":"aws","expressions":{"destination_cidr_block":{"constant_value":"0.0.0.0/0"},"nat_gateway_id":{"references":["aws_nat_gateway.nat","count.index"]},"route_table_id":{"references":["aws_route_table.private","count.index"]}},"schema_version":0,"count_expression":{"references":["var.enable_nat_gateway","var.private_subnet_cidrs"]}},{"address":"aws_route_table.private","mode":"managed","type":"aws_route_table","name":"private","provider_config_key":"aws","expressions":{"tags":{"references":["var.tags","var.environment","var.availability_zones","count.index"]},"vpc_id":{"references":["aws_vpc.main.id","aws_vpc.main"]}},"schema_version":0,"count_expression":{"references":["var.private_subnet_cidrs"]}},{"address":"aws_route_table.public","mode":"managed","type":"aws_route_table","name":"public","provider_config_key":"aws","expressions":{"route":{"references":["aws_internet_gateway.igw.id","aws_internet_gateway.igw"]},"tags":{"references":["var.tags","var.environment"]},"vpc_id":{"references":["aws_vpc.main.id","aws_vpc.main"]}},"schema_version":0},{"address":"aws_route_table_association.private","mode":"managed","type":"aws_route_table_association","name":"private","provider_config_key":"aws","expressions":{"route_table_id":{"references":["aws_route_table.private","count.index"]},"subnet_id":{"references":["aws_subnet.private","count.index"]}},"schema_version":0,"count_expression":{"references":["aws_subnet.private"]}},{"address":"aws_route_table_association.public","mode":"managed","type":"aws_route_table_association","name":"public","provider_config_key":"aws","expressions":{"route_table_id":{"references":["aws_route_table.public.id","aws_route_table.public"]},"subnet_id":{"references":["aws_subnet.public","count.index"]}},"schema_version":0,"count_expression":{"references":["aws_subnet.public"]}},{"address":"aws_subnet.private","mode":"managed","type":"aws_subnet","name":"private","provider_config_key":"aws","expressions":{"availability_zone":{"references":["var.availability_zones","count.index"]},"cidr_block":{"references":["var.private_subnet_cidrs","count.index"]},"tags":{"references":["var.tags","var.environment","var.availability_zones","count.index"]},"vpc_id":{"references":["aws_vpc.main.id","aws_vpc.main"]}},"schema_version":1,"count_expression":{"references":["var.private_subnet_cidrs"]}},{"address":"aws_subnet.public","mode":"managed","type":"aws_subnet","name":"public","provider_config_key":"aws","expressions":{"availability_zone":{"references":["var.availability_zones","count.index"]},"cidr_block":{"references":["var.public_subnet_cidrs","count.index"]},"map_public_ip_on_launch":{"constant_value":true},"tags":{"references":["var.tags","var.environment","var.availability_zones","count.index"]},"vpc_id":{"references":["aws_vpc.main.id","aws_vpc.main"]}},"schema_version":1,"count_expression":{"references":["var.public_subnet_cidrs"]}},{"address":"aws_vpc.main","mode":"managed","type":"aws_vpc","name":"main","provider_config_key":"aws","expressions":{"cidr_block":{"references":["var.vpc_cidr"]},"enable_dns_hostnames":{"constant_value":true},"enable_dns_support":{"constant_value":true},"tags":{"references":["var.tags","var.environment"]}},"schema_version":1}],"variables":{"availability_zones":{"default":["ap-southeast-1a","ap-southeast-1b"],"description":"Availability zones"},"enable_nat_gateway":{"default":true,"description":"Enable NAT Gateway for private subnets"},"environment":{"description":"Environment name (dev, staging, prod)"},"private_subnet_cidrs":{"default":["10.0.10.0/24","10.0.20.0/24"],"description":"CIDR blocks for private subnets"},"public_subnet_cidrs":{"default":["10.0.1.0/24","10.0.2.0/24"],"description":"CIDR blocks for public subnets"},"tags":{"default":{},"description":"Tags to apply to all resources"},"vpc_cidr":{"default":"10.0.0.0/16","description":"CIDR block for VPC"}}}}},"variables":{"allowed_ssh_cidrs":{"default":[],"description":"CIDR blocks allowed to SSH to EC2 instances"},"ami_type":{"default":"ubuntu_22_04_lts","description":"Type of AMI to use for EC2 control plane"},"availability_zones":{"default":["ap-southeast-1a"],"description":"Availability zones"},"aws_region":{"default":"ap-southeast-1","description":"AWS region"},"capacity_type":{"default":"SPOT","description":"Capacity type for EKS nodes (ON_DEMAND or SPOT)"},"control_plane_instance_type":{"default":"t3.micro","description":"EC2 instance type for control plane"},"control_plane_volume_size":{"default":8,"description":"Size of the root volume for control plane in GB"},"enable_nat_gateway":{"default":false,"description":"Enable NAT Gateway for private subnets"},"kubernetes_version":{"default":"1.28","description":"Kubernetes version for EKS cluster"},"node_desired_size":{"default":1,"description":"Desired number of nodes in the node group"},"node_disk_size":{"default":8,"description":"Disk size for EKS nodes in GB"},"node_instance_types":{"default":["t3.small"],"description":"Instance types for EKS nodes"},"node_max_size":{"default":2,"description":"Maximum number of nodes in the node group"},"node_min_size":{"default":1,"description":"Minimum number of nodes in the node group"},"owner":{"default":"dev-team","description":"Owner of the resources"},"private_subnet_cidrs":{"default":["10.0.10.0/24"],"description":"CIDR blocks for private subnets"},"project_name":{"default":"demo","description":"Project name"},"public_subnet_cidrs":{"default":["10.0.1.0/24"],"description":"CIDR blocks for public subnets"},"vpc_cidr":{"default":"10.0.0.0/16","description":"CIDR block for VPC"}}}},"relevant_attributes":[{"resource":"module.ec2_control_plane.aws_security_group.eks_control_plane","attribute":["id"]},{"resource":"module.vpc.aws_route_table.private","attribute":[]},{"resource":"module.eks.aws_eks_cluster.main","attribute":["arn"]},{"resource":"module.ec2_control_plane.aws_instance.eks_control_plane","attribute":["private_ip"]},{"resource":"module.eks.aws_eks_cluster.main","attribute":["vpc_config",0,"cluster_security_group_id"]},{"resource":"module.ec2_control_plane.aws_instance.eks_control_plane","attribute":["public_dns"]},{"resource":"module.ec2_control_plane.data.aws_ami.ubuntu_22_04_lts","attribute":["id"]},{"resource":"module.ec2_control_plane.aws_instance.eks_control_plane","attribute":["public_ip"]},{"resource":"module.eks.aws_eks_cluster.main","attribute":["id"]},{"resource":"module.eks.aws_eks_cluster.main","attribute":["version"]},{"resource":"module.iam.aws_iam_instance_profile.eks_control_plane_profile","attribute":["name"]},{"resource":"module.vpc.aws_subnet.private","attribute":[]},{"resource":"module.iam.aws_iam_instance_profile.eks_control_plane_profile","attribute":["arn"]},{"resource":"module.iam.aws_iam_policy.eks_control_plane_policy","attribute":["arn"]},{"resource":"module.eks.aws_eks_cluster.main","attribute":["role_arn"]},{"resource":"module.eks.aws_iam_role.eks_cluster_role","attribute":["arn"]},{"resource":"module.ec2_control_plane.aws_instance.eks_control_plane","attribute":["id"]},{"resource":"module.vpc.aws_nat_gateway.nat","attribute":[]},{"resource":"module.eks.aws_eks_cluster.main","attribute":["certificate_authority",0,"data"]},{"resource":"module.vpc.aws_vpc.main","attribute":["id"]},{"resource":"module.eks.aws_iam_role.eks_node_group_role","attribute":["name"]},{"resource":"module.eks.aws_eks_cluster.main","attribute":["name"]},{"resource":"module.vpc.aws_route_table.public","attribute":["id"]},{"resource":"module.eks.aws_iam_role.eks_node_group_role","attribute":["arn"]},{"resource":"module.eks.aws_iam_role.eks_cluster_role","attribute":["name"]},{"resource":"module.eks.aws_eks_node_group.main","attribute":["arn"]},{"resource":"module.vpc.aws_eip.nat","attribute":[]},{"resource":"module.eks.aws_eks_node_group.main","attribute":["status"]},{"resource":"module.ec2_control_plane.aws_instance.eks_control_plane","attribute":["private_dns"]},{"resource":"module.eks.aws_eks_cluster.main","attribute":["endpoint"]},{"resource":"module.iam.aws_iam_role.eks_control_plane","attribute":["arn"]},{"resource":"module.eks.aws_security_group.eks_cluster","attribute":["id"]},{"resource":"module.iam.aws_iam_role.eks_control_plane","attribute":["name"]},{"resource":"module.keypair.aws_key_pair.eks_control_plane","attribute":["key_name"]},{"resource":"module.vpc.aws_subnet.public","attribute":[]},{"resource":"module.keypair.aws_key_pair.eks_control_plane","attribute":["key_pair_id"]},{"resource":"module.vpc.aws_vpc.main","attribute":["cidr_block"]},{"resource":"module.vpc.aws_internet_gateway.igw","attribute":["id"]}],"checks":[{"address":{"kind":"var","module":"module.ec2_control_plane","name":"ami_type","to_display":"module.ec2_control_plane.var.ami_type"},"status":"pass","instances":[{"address":{"module":"module.ec2_control_plane","to_display":"module.ec2_control_plane.var.ami_type"},"status":"pass"}]}],"timestamp":"2025-10-24T07:20:21Z","applyable":true,"complete":true,"errored":false}
